// !$*UTF8*$!
{
	archiveVersion = 1;
	classes = {
	};
	objectVersion = 46;
	objects = {

/* Begin PBXBuildFile section */
		A33FFA231CB3913400B57ACB /* ShareViewController.m in Sources */ = {isa = PBXBuildFile; fileRef = A33FFA221CB3913400B57ACB /* ShareViewController.m */; };
		A33FFA261CB3B30300B57ACB /* SettingViewController.m in Sources */ = {isa = PBXBuildFile; fileRef = A33FFA251CB3B30300B57ACB /* SettingViewController.m */; };
		A33FFA291CB3B67C00B57ACB /* TitleDisclosureCell.m in Sources */ = {isa = PBXBuildFile; fileRef = A33FFA281CB3B67C00B57ACB /* TitleDisclosureCell.m */; };
		A386F9111CB00AED0041D2F7 /* MapViewController.m in Sources */ = {isa = PBXBuildFile; fileRef = A386F9101CB00AED0041D2F7 /* MapViewController.m */; };
		A38E6C7D1CB11FF50075F68D /* SigleLocationViewController.m in Sources */ = {isa = PBXBuildFile; fileRef = A38E6C7C1CB11FF50075F68D /* SigleLocationViewController.m */; };
		A3A7158B1CAE786100AD2838 /* AppDelegate.m in Sources */ = {isa = PBXBuildFile; fileRef = A3A7158A1CAE786100AD2838 /* AppDelegate.m */; };
		A3C913E31CB7463E00011552 /* First_normal@3x.png in Resources */ = {isa = PBXBuildFile; fileRef = A3C913DD1CB7463E00011552 /* First_normal@3x.png */; };
		A3C913E41CB7463E00011552 /* First_selected@3x.png in Resources */ = {isa = PBXBuildFile; fileRef = A3C913DE1CB7463E00011552 /* First_selected@3x.png */; };
		A3C913E51CB7463E00011552 /* Second_normal@3x.png in Resources */ = {isa = PBXBuildFile; fileRef = A3C913DF1CB7463E00011552 /* Second_normal@3x.png */; };
		A3C913E61CB7463E00011552 /* Second_selected@3x.png in Resources */ = {isa = PBXBuildFile; fileRef = A3C913E01CB7463E00011552 /* Second_selected@3x.png */; };
		A3C913E71CB7463E00011552 /* Third_normal@3x.png in Resources */ = {isa = PBXBuildFile; fileRef = A3C913E11CB7463E00011552 /* Third_normal@3x.png */; };
		A3C913E81CB7463E00011552 /* Third_selected@3x.png in Resources */ = {isa = PBXBuildFile; fileRef = A3C913E21CB7463E00011552 /* Third_selected@3x.png */; };
		A3C913EB1CB7502800011552 /* PersonalInformationViewController.m in Sources */ = {isa = PBXBuildFile; fileRef = A3C913EA1CB7502800011552 /* PersonalInformationViewController.m */; };
		A3C913F51CB7635E00011552 /* User.m in Sources */ = {isa = PBXBuildFile; fileRef = A3C913F41CB7635E00011552 /* User.m */; };
		A3C9143D1CB77C8100011552 /* CodingNetAPIClient.m in Sources */ = {isa = PBXBuildFile; fileRef = A3C9143C1CB77C8100011552 /* CodingNetAPIClient.m */; };
		A3C914401CB77C9B00011552 /* Coding_NetAPIManager.m in Sources */ = {isa = PBXBuildFile; fileRef = A3C9143F1CB77C9B00011552 /* Coding_NetAPIManager.m */; };
		A3C914451CB7A41800011552 /* NSDate+Helper.m in Sources */ = {isa = PBXBuildFile; fileRef = A3C914431CB7A41800011552 /* NSDate+Helper.m */; };
		A3C914461CB7A41800011552 /* README.textile in Resources */ = {isa = PBXBuildFile; fileRef = A3C914441CB7A41800011552 /* README.textile */; };
		A3C914491CB7A77100011552 /* AddressManager.m in Sources */ = {isa = PBXBuildFile; fileRef = A3C914481CB7A77100011552 /* AddressManager.m */; };
		A3C9144B1CB7A84A00011552 /* address.json in Resources */ = {isa = PBXBuildFile; fileRef = A3C9144A1CB7A84A00011552 /* address.json */; };
		A3E0F9AC1CB660B70016256B /* WebViewController.m in Sources */ = {isa = PBXBuildFile; fileRef = A3E0F9AB1CB660B70016256B /* WebViewController.m */; };
		A3E8E0EE1CB4ED77009D0CB5 /* PingPayWebViewController.m in Sources */ = {isa = PBXBuildFile; fileRef = A3E8E0ED1CB4ED77009D0CB5 /* PingPayWebViewController.m */; };
		A3E8E0FE1CB50AA4009D0CB5 /* NinaBaseView.m in Sources */ = {isa = PBXBuildFile; fileRef = A3E8E0F81CB50AA4009D0CB5 /* NinaBaseView.m */; };
		A3E8E0FF1CB50AA4009D0CB5 /* NinaPagerView.m in Sources */ = {isa = PBXBuildFile; fileRef = A3E8E0FA1CB50AA4009D0CB5 /* NinaPagerView.m */; };
		A3E8E1001CB50AA4009D0CB5 /* TopTabView.m in Sources */ = {isa = PBXBuildFile; fileRef = A3E8E0FC1CB50AA4009D0CB5 /* TopTabView.m */; };
		A3E8E1031CB50B37009D0CB5 /* AllMapViewController.m in Sources */ = {isa = PBXBuildFile; fileRef = A3E8E1021CB50B37009D0CB5 /* AllMapViewController.m */; };
		A3E8E1061CB50B5E009D0CB5 /* OfficeBuildingViewController.m in Sources */ = {isa = PBXBuildFile; fileRef = A3E8E1051CB50B5E009D0CB5 /* OfficeBuildingViewController.m */; };
		A3E8E1091CB50B89009D0CB5 /* HouseViewController.m in Sources */ = {isa = PBXBuildFile; fileRef = A3E8E1081CB50B89009D0CB5 /* HouseViewController.m */; };
		A3E8E10C1CB50BA0009D0CB5 /* SchoolViewController.m in Sources */ = {isa = PBXBuildFile; fileRef = A3E8E10B1CB50BA0009D0CB5 /* SchoolViewController.m */; };
		A3E8E1121CB510FE009D0CB5 /* QRCScanner.m in Sources */ = {isa = PBXBuildFile; fileRef = A3E8E10F1CB510FE009D0CB5 /* QRCScanner.m */; };
		A3E8E1131CB510FE009D0CB5 /* QRCScannerViewController.m in Sources */ = {isa = PBXBuildFile; fileRef = A3E8E1111CB510FE009D0CB5 /* QRCScannerViewController.m */; };
		A3E8E1211CB5110E009D0CB5 /* BaseRDVTabViewController.m in Sources */ = {isa = PBXBuildFile; fileRef = A3E8E1161CB5110E009D0CB5 /* BaseRDVTabViewController.m */; };
		A3E8E1231CB5110E009D0CB5 /* RDVFirstViewController.m in Sources */ = {isa = PBXBuildFile; fileRef = A3E8E11A1CB5110E009D0CB5 /* RDVFirstViewController.m */; };
		A3E8E1241CB5110E009D0CB5 /* RDVSecondViewController.m in Sources */ = {isa = PBXBuildFile; fileRef = A3E8E11C1CB5110E009D0CB5 /* RDVSecondViewController.m */; };
		A3E8E1251CB5110E009D0CB5 /* RDVThirdViewController.m in Sources */ = {isa = PBXBuildFile; fileRef = A3E8E11E1CB5110E009D0CB5 /* RDVThirdViewController.m */; };
		A3E8E1261CB5110E009D0CB5 /* SettingTextViewController.m in Sources */ = {isa = PBXBuildFile; fileRef = A3E8E1201CB5110E009D0CB5 /* SettingTextViewController.m */; };
		A3E8E1611CB5117E009D0CB5 /* AddressPickerViewController.m in Sources */ = {isa = PBXBuildFile; fileRef = A3E8E14B1CB5117E009D0CB5 /* AddressPickerViewController.m */; };
		A3E8E1621CB5117E009D0CB5 /* CurrentCityCell.m in Sources */ = {isa = PBXBuildFile; fileRef = A3E8E14E1CB5117E009D0CB5 /* CurrentCityCell.m */; };
		A3E8E1631CB5117E009D0CB5 /* HotCityCell.m in Sources */ = {isa = PBXBuildFile; fileRef = A3E8E1501CB5117E009D0CB5 /* HotCityCell.m */; };
		A3E8E1641CB5117E009D0CB5 /* RecentCityCell.m in Sources */ = {isa = PBXBuildFile; fileRef = A3E8E1521CB5117E009D0CB5 /* RecentCityCell.m */; };
		A3E8E1651CB5117E009D0CB5 /* JJAddressPickerController.m in Sources */ = {isa = PBXBuildFile; fileRef = A3E8E1541CB5117E009D0CB5 /* JJAddressPickerController.m */; };
		A3E8E1661CB5117E009D0CB5 /* ChineseToPinyin.m in Sources */ = {isa = PBXBuildFile; fileRef = A3E8E1581CB5117E009D0CB5 /* ChineseToPinyin.m */; };
		A3E8E1671CB5117E009D0CB5 /* cities.plist in Resources */ = {isa = PBXBuildFile; fileRef = A3E8E1591CB5117E009D0CB5 /* cities.plist */; };
		A3E8E1681CB5117E009D0CB5 /* LNLocationGeocoder.m in Sources */ = {isa = PBXBuildFile; fileRef = A3E8E15C1CB5117E009D0CB5 /* LNLocationGeocoder.m */; };
		A3E8E1691CB5117E009D0CB5 /* LNLocationManager.m in Sources */ = {isa = PBXBuildFile; fileRef = A3E8E15E1CB5117E009D0CB5 /* LNLocationManager.m */; };
		A3E8E16A1CB5117E009D0CB5 /* LNSearchManager.m in Sources */ = {isa = PBXBuildFile; fileRef = A3E8E1601CB5117E009D0CB5 /* LNSearchManager.m */; };
		A3E91A4A1CB56A8F00F200D0 /* JASidePanelController.m in Sources */ = {isa = PBXBuildFile; fileRef = A3E91A471CB56A8F00F200D0 /* JASidePanelController.m */; };
		A3E91A4B1CB56A8F00F200D0 /* UIViewController+JASidePanel.m in Sources */ = {isa = PBXBuildFile; fileRef = A3E91A491CB56A8F00F200D0 /* UIViewController+JASidePanel.m */; };
		A3EDB5E81CAE4B5100C8A204 /* main.m in Sources */ = {isa = PBXBuildFile; fileRef = A3EDB5E71CAE4B5100C8A204 /* main.m */; };
		A3EDB5F31CAE4B5100C8A204 /* Assets.xcassets in Resources */ = {isa = PBXBuildFile; fileRef = A3EDB5F21CAE4B5100C8A204 /* Assets.xcassets */; };
		A3EDB5F61CAE4B5100C8A204 /* LaunchScreen.storyboard in Resources */ = {isa = PBXBuildFile; fileRef = A3EDB5F41CAE4B5100C8A204 /* LaunchScreen.storyboard */; };
		A3EDB6011CAE4B5100C8A204 /* EShowIOSTests.m in Sources */ = {isa = PBXBuildFile; fileRef = A3EDB6001CAE4B5100C8A204 /* EShowIOSTests.m */; };
		A3EDB60C1CAE4B5100C8A204 /* EShowIOSUITests.m in Sources */ = {isa = PBXBuildFile; fileRef = A3EDB60B1CAE4B5100C8A204 /* EShowIOSUITests.m */; };
		A3EDB6241CAE510300C8A204 /* SideMenuViewController.m in Sources */ = {isa = PBXBuildFile; fileRef = A3EDB6231CAE510300C8A204 /* SideMenuViewController.m */; };
		A3EDB6321CAE54B300C8A204 /* ForgetPasswordViewController.m in Sources */ = {isa = PBXBuildFile; fileRef = A3EDB6271CAE54B300C8A204 /* ForgetPasswordViewController.m */; };
		A3EDB6331CAE54B300C8A204 /* ForgetTelephoneViewController.m in Sources */ = {isa = PBXBuildFile; fileRef = A3EDB6291CAE54B300C8A204 /* ForgetTelephoneViewController.m */; };
		A3EDB6341CAE54B300C8A204 /* IntroductionViewController.m in Sources */ = {isa = PBXBuildFile; fileRef = A3EDB62B1CAE54B300C8A204 /* IntroductionViewController.m */; };
		A3EDB6351CAE54B300C8A204 /* LoginViewController.m in Sources */ = {isa = PBXBuildFile; fileRef = A3EDB62D1CAE54B300C8A204 /* LoginViewController.m */; };
		A3EDB6361CAE54B300C8A204 /* RegisterCaptchaViewController.m in Sources */ = {isa = PBXBuildFile; fileRef = A3EDB62F1CAE54B300C8A204 /* RegisterCaptchaViewController.m */; };
		A3EDB6371CAE54B300C8A204 /* RegisterViewController.m in Sources */ = {isa = PBXBuildFile; fileRef = A3EDB6311CAE54B300C8A204 /* RegisterViewController.m */; };
		A3EDB63B1CAE56EF00C8A204 /* ContentViewController.m in Sources */ = {isa = PBXBuildFile; fileRef = A3EDB63A1CAE56EF00C8A204 /* ContentViewController.m */; };
		A3EDB69F1CAE599700C8A204 /* AbstractActionSheetPicker.m in Sources */ = {isa = PBXBuildFile; fileRef = A3EDB63F1CAE599700C8A204 /* AbstractActionSheetPicker.m */; };
		A3EDB6A01CAE599700C8A204 /* ActionSheetCustomPicker.m in Sources */ = {isa = PBXBuildFile; fileRef = A3EDB6411CAE599700C8A204 /* ActionSheetCustomPicker.m */; };
		A3EDB6A11CAE599700C8A204 /* ActionSheetDatePicker.m in Sources */ = {isa = PBXBuildFile; fileRef = A3EDB6441CAE599700C8A204 /* ActionSheetDatePicker.m */; };
		A3EDB6A21CAE599700C8A204 /* ActionSheetDistancePicker.m in Sources */ = {isa = PBXBuildFile; fileRef = A3EDB6461CAE599700C8A204 /* ActionSheetDistancePicker.m */; };
		A3EDB6A31CAE599700C8A204 /* ActionSheetLocalePicker.m in Sources */ = {isa = PBXBuildFile; fileRef = A3EDB6481CAE599700C8A204 /* ActionSheetLocalePicker.m */; };
		A3EDB6A41CAE599700C8A204 /* ActionSheetStringPicker.m in Sources */ = {isa = PBXBuildFile; fileRef = A3EDB64A1CAE599700C8A204 /* ActionSheetStringPicker.m */; };
		A3EDB6A51CAE599700C8A204 /* DistancePickerView.m in Sources */ = {isa = PBXBuildFile; fileRef = A3EDB64C1CAE599700C8A204 /* DistancePickerView.m */; };
		A3EDB6A61CAE599700C8A204 /* SWActionSheet.m in Sources */ = {isa = PBXBuildFile; fileRef = A3EDB64E1CAE599700C8A204 /* SWActionSheet.m */; };
		A3EDB6A71CAE599700C8A204 /* FRDLivelyButton.m in Sources */ = {isa = PBXBuildFile; fileRef = A3EDB6511CAE599700C8A204 /* FRDLivelyButton.m */; };
		A3EDB6A81CAE599700C8A204 /* JDStatusBarNotification.m in Sources */ = {isa = PBXBuildFile; fileRef = A3EDB6541CAE599700C8A204 /* JDStatusBarNotification.m */; };
		A3EDB6A91CAE599700C8A204 /* JDStatusBarStyle.m in Sources */ = {isa = PBXBuildFile; fileRef = A3EDB6561CAE599700C8A204 /* JDStatusBarStyle.m */; };
		A3EDB6AA1CAE599700C8A204 /* JDStatusBarView.m in Sources */ = {isa = PBXBuildFile; fileRef = A3EDB6581CAE599700C8A204 /* JDStatusBarView.m */; };
		A3EDB6AF1CAE599700C8A204 /* ODRefreshControl.m in Sources */ = {isa = PBXBuildFile; fileRef = A3EDB6661CAE599700C8A204 /* ODRefreshControl.m */; };
		A3EDB6BB1CAE599700C8A204 /* GlowImageView.m in Sources */ = {isa = PBXBuildFile; fileRef = A3EDB67D1CAE599700C8A204 /* GlowImageView.m */; };
		A3EDB6BC1CAE599700C8A204 /* MenuButton.m in Sources */ = {isa = PBXBuildFile; fileRef = A3EDB67F1CAE599700C8A204 /* MenuButton.m */; };
		A3EDB6BD1CAE599700C8A204 /* MenuItem.m in Sources */ = {isa = PBXBuildFile; fileRef = A3EDB6811CAE599700C8A204 /* MenuItem.m */; };
		A3EDB6BE1CAE599700C8A204 /* PopMenu.m in Sources */ = {isa = PBXBuildFile; fileRef = A3EDB6831CAE599700C8A204 /* PopMenu.m */; };
		A3EDB6BF1CAE599700C8A204 /* RDVTabBar.m in Sources */ = {isa = PBXBuildFile; fileRef = A3EDB6861CAE599700C8A204 /* RDVTabBar.m */; };
		A3EDB6C01CAE599700C8A204 /* RDVTabBarController.m in Sources */ = {isa = PBXBuildFile; fileRef = A3EDB6881CAE599700C8A204 /* RDVTabBarController.m */; };
		A3EDB6C11CAE599700C8A204 /* RDVTabBarItem.m in Sources */ = {isa = PBXBuildFile; fileRef = A3EDB68A1CAE599700C8A204 /* RDVTabBarItem.m */; };
		A3EDB6C61CAE599700C8A204 /* SMPageControl.m in Sources */ = {isa = PBXBuildFile; fileRef = A3EDB6971CAE599700C8A204 /* SMPageControl.m */; };
		A3EDB6C71CAE599700C8A204 /* TestinAgent.framework in Frameworks */ = {isa = PBXBuildFile; fileRef = A3EDB6981CAE599700C8A204 /* TestinAgent.framework */; };
		A3EDB6C81CAE599700C8A204 /* Toast+UIView.m in Sources */ = {isa = PBXBuildFile; fileRef = A3EDB69B1CAE599700C8A204 /* Toast+UIView.m */; };
		A3EDB6C91CAE599700C8A204 /* XHRealTimeBlur.m in Sources */ = {isa = PBXBuildFile; fileRef = A3EDB69E1CAE599700C8A204 /* XHRealTimeBlur.m */; };
		A3EDB6F91CAE5A9200C8A204 /* NSObject+commom.m in Sources */ = {isa = PBXBuildFile; fileRef = A3EDB6D81CAE5A9200C8A204 /* NSObject+commom.m */; };
		A3EDB6FA1CAE5A9200C8A204 /* UIButton+Bootstrap.m in Sources */ = {isa = PBXBuildFile; fileRef = A3EDB6DA1CAE5A9200C8A204 /* UIButton+Bootstrap.m */; };
		A3EDB6FB1CAE5A9200C8A204 /* UIColor+expanded.m in Sources */ = {isa = PBXBuildFile; fileRef = A3EDB6DC1CAE5A9200C8A204 /* UIColor+expanded.m */; };
		A3EDB6FC1CAE5A9200C8A204 /* UITableView+Common.m in Sources */ = {isa = PBXBuildFile; fileRef = A3EDB6DE1CAE5A9200C8A204 /* UITableView+Common.m */; };
		A3EDB6FD1CAE5A9200C8A204 /* UITapImageView.m in Sources */ = {isa = PBXBuildFile; fileRef = A3EDB6E01CAE5A9200C8A204 /* UITapImageView.m */; };
		A3EDB6FE1CAE5A9200C8A204 /* UIView+common.m in Sources */ = {isa = PBXBuildFile; fileRef = A3EDB6E21CAE5A9200C8A204 /* UIView+common.m */; };
		A3EDB6FF1CAE5A9200C8A204 /* UIView+Extension.m in Sources */ = {isa = PBXBuildFile; fileRef = A3EDB6E41CAE5A9200C8A204 /* UIView+Extension.m */; };
		A3EDB7001CAE5A9200C8A204 /* UIView+Frame.m in Sources */ = {isa = PBXBuildFile; fileRef = A3EDB6E61CAE5A9200C8A204 /* UIView+Frame.m */; };
		A3EDB7011CAE5A9200C8A204 /* UITTTAttributedLabel.m in Sources */ = {isa = PBXBuildFile; fileRef = A3EDB6E91CAE5A9200C8A204 /* UITTTAttributedLabel.m */; };
		A3EDB7021CAE5A9200C8A204 /* Input_OnlyText_Cell.m in Sources */ = {isa = PBXBuildFile; fileRef = A3EDB6ED1CAE5A9200C8A204 /* Input_OnlyText_Cell.m */; };
		A3EDB7031CAE5A9200C8A204 /* Input_OnlyText_Cell.xib in Resources */ = {isa = PBXBuildFile; fileRef = A3EDB6EE1CAE5A9200C8A204 /* Input_OnlyText_Cell.xib */; };
		A3EDB7041CAE5A9200C8A204 /* TitleRImageMoreCell.m in Sources */ = {isa = PBXBuildFile; fileRef = A3EDB6F01CAE5A9200C8A204 /* TitleRImageMoreCell.m */; };
		A3EDB7051CAE5A9200C8A204 /* TitleValueMoreCell.m in Sources */ = {isa = PBXBuildFile; fileRef = A3EDB6F21CAE5A9200C8A204 /* TitleValueMoreCell.m */; };
		A3EDB7081CAE5ACA00C8A204 /* BaseNavigationController.m in Sources */ = {isa = PBXBuildFile; fileRef = A3EDB7071CAE5ACA00C8A204 /* BaseNavigationController.m */; };
		A3EDB70A1CAE5D0E00C8A204 /* AVFoundation.framework in Frameworks */ = {isa = PBXBuildFile; fileRef = A3EDB7091CAE5D0E00C8A204 /* AVFoundation.framework */; };
		A3EDB70C1CAE5D1F00C8A204 /* CoreLocation.framework in Frameworks */ = {isa = PBXBuildFile; fileRef = A3EDB70B1CAE5D1F00C8A204 /* CoreLocation.framework */; };
		A3EDB70E1CAE5D2C00C8A204 /* CoreGraphics.framework in Frameworks */ = {isa = PBXBuildFile; fileRef = A3EDB70D1CAE5D2C00C8A204 /* CoreGraphics.framework */; };
		A3EDB7101CAE5D4100C8A204 /* AssetsLibrary.framework in Frameworks */ = {isa = PBXBuildFile; fileRef = A3EDB70F1CAE5D4100C8A204 /* AssetsLibrary.framework */; };
		A3EDB7121CAE5E7A00C8A204 /* CoreTelephony.framework in Frameworks */ = {isa = PBXBuildFile; fileRef = A3EDB7111CAE5E7A00C8A204 /* CoreTelephony.framework */; };
		FC7C9688A32D5422A02AD8A2 /* libPods.a in Frameworks */ = {isa = PBXBuildFile; fileRef = 8170E20B6B31FC678F95F737 /* libPods.a */; };
/* End PBXBuildFile section */

/* Begin PBXContainerItemProxy section */
		A3EDB5FD1CAE4B5100C8A204 /* PBXContainerItemProxy */ = {
			isa = PBXContainerItemProxy;
			containerPortal = A3EDB5DB1CAE4B5100C8A204 /* Project object */;
			proxyType = 1;
			remoteGlobalIDString = A3EDB5E21CAE4B5100C8A204;
			remoteInfo = EShowIOS;
		};
		A3EDB6081CAE4B5100C8A204 /* PBXContainerItemProxy */ = {
			isa = PBXContainerItemProxy;
			containerPortal = A3EDB5DB1CAE4B5100C8A204 /* Project object */;
			proxyType = 1;
			remoteGlobalIDString = A3EDB5E21CAE4B5100C8A204;
			remoteInfo = EShowIOS;
		};
/* End PBXContainerItemProxy section */

/* Begin PBXFileReference section */
		8170E20B6B31FC678F95F737 /* libPods.a */ = {isa = PBXFileReference; explicitFileType = archive.ar; includeInIndex = 0; path = libPods.a; sourceTree = BUILT_PRODUCTS_DIR; };
		849B80BB8AF5A42F2D695742 /* Pods.release.xcconfig */ = {isa = PBXFileReference; includeInIndex = 1; lastKnownFileType = text.xcconfig; name = Pods.release.xcconfig; path = "Pods/Target Support Files/Pods/Pods.release.xcconfig"; sourceTree = "<group>"; };
		A33FFA211CB3913400B57ACB /* ShareViewController.h */ = {isa = PBXFileReference; fileEncoding = 4; lastKnownFileType = sourcecode.c.h; path = ShareViewController.h; sourceTree = "<group>"; };
		A33FFA221CB3913400B57ACB /* ShareViewController.m */ = {isa = PBXFileReference; fileEncoding = 4; lastKnownFileType = sourcecode.c.objc; path = ShareViewController.m; sourceTree = "<group>"; };
		A33FFA241CB3B30300B57ACB /* SettingViewController.h */ = {isa = PBXFileReference; fileEncoding = 4; lastKnownFileType = sourcecode.c.h; path = SettingViewController.h; sourceTree = "<group>"; };
		A33FFA251CB3B30300B57ACB /* SettingViewController.m */ = {isa = PBXFileReference; fileEncoding = 4; lastKnownFileType = sourcecode.c.objc; path = SettingViewController.m; sourceTree = "<group>"; };
		A33FFA271CB3B67C00B57ACB /* TitleDisclosureCell.h */ = {isa = PBXFileReference; fileEncoding = 4; lastKnownFileType = sourcecode.c.h; path = TitleDisclosureCell.h; sourceTree = "<group>"; };
		A33FFA281CB3B67C00B57ACB /* TitleDisclosureCell.m */ = {isa = PBXFileReference; fileEncoding = 4; lastKnownFileType = sourcecode.c.objc; path = TitleDisclosureCell.m; sourceTree = "<group>"; };
		A386F90F1CB00AED0041D2F7 /* MapViewController.h */ = {isa = PBXFileReference; fileEncoding = 4; lastKnownFileType = sourcecode.c.h; path = MapViewController.h; sourceTree = "<group>"; };
		A386F9101CB00AED0041D2F7 /* MapViewController.m */ = {isa = PBXFileReference; fileEncoding = 4; lastKnownFileType = sourcecode.c.objc; path = MapViewController.m; sourceTree = "<group>"; };
		A38E6C7B1CB11FF50075F68D /* SigleLocationViewController.h */ = {isa = PBXFileReference; fileEncoding = 4; lastKnownFileType = sourcecode.c.h; path = SigleLocationViewController.h; sourceTree = "<group>"; };
		A38E6C7C1CB11FF50075F68D /* SigleLocationViewController.m */ = {isa = PBXFileReference; fileEncoding = 4; lastKnownFileType = sourcecode.c.objc; path = SigleLocationViewController.m; sourceTree = "<group>"; };
		A3A715891CAE786100AD2838 /* AppDelegate.h */ = {isa = PBXFileReference; fileEncoding = 4; lastKnownFileType = sourcecode.c.h; path = AppDelegate.h; sourceTree = "<group>"; };
		A3A7158A1CAE786100AD2838 /* AppDelegate.m */ = {isa = PBXFileReference; fileEncoding = 4; lastKnownFileType = sourcecode.c.objc; path = AppDelegate.m; sourceTree = "<group>"; };
		A3C913DD1CB7463E00011552 /* First_normal@3x.png */ = {isa = PBXFileReference; lastKnownFileType = image.png; path = "First_normal@3x.png"; sourceTree = "<group>"; };
		A3C913DE1CB7463E00011552 /* First_selected@3x.png */ = {isa = PBXFileReference; lastKnownFileType = image.png; path = "First_selected@3x.png"; sourceTree = "<group>"; };
		A3C913DF1CB7463E00011552 /* Second_normal@3x.png */ = {isa = PBXFileReference; lastKnownFileType = image.png; path = "Second_normal@3x.png"; sourceTree = "<group>"; };
		A3C913E01CB7463E00011552 /* Second_selected@3x.png */ = {isa = PBXFileReference; lastKnownFileType = image.png; path = "Second_selected@3x.png"; sourceTree = "<group>"; };
		A3C913E11CB7463E00011552 /* Third_normal@3x.png */ = {isa = PBXFileReference; lastKnownFileType = image.png; path = "Third_normal@3x.png"; sourceTree = "<group>"; };
		A3C913E21CB7463E00011552 /* Third_selected@3x.png */ = {isa = PBXFileReference; lastKnownFileType = image.png; path = "Third_selected@3x.png"; sourceTree = "<group>"; };
		A3C913E91CB7502800011552 /* PersonalInformationViewController.h */ = {isa = PBXFileReference; fileEncoding = 4; lastKnownFileType = sourcecode.c.h; path = PersonalInformationViewController.h; sourceTree = "<group>"; };
		A3C913EA1CB7502800011552 /* PersonalInformationViewController.m */ = {isa = PBXFileReference; fileEncoding = 4; lastKnownFileType = sourcecode.c.objc; path = PersonalInformationViewController.m; sourceTree = "<group>"; };
		A3C913F31CB7635E00011552 /* User.h */ = {isa = PBXFileReference; fileEncoding = 4; lastKnownFileType = sourcecode.c.h; path = User.h; sourceTree = "<group>"; };
		A3C913F41CB7635E00011552 /* User.m */ = {isa = PBXFileReference; fileEncoding = 4; lastKnownFileType = sourcecode.c.objc; path = User.m; sourceTree = "<group>"; };
		A3C9143B1CB77C8100011552 /* CodingNetAPIClient.h */ = {isa = PBXFileReference; fileEncoding = 4; lastKnownFileType = sourcecode.c.h; path = CodingNetAPIClient.h; sourceTree = "<group>"; };
		A3C9143C1CB77C8100011552 /* CodingNetAPIClient.m */ = {isa = PBXFileReference; fileEncoding = 4; lastKnownFileType = sourcecode.c.objc; path = CodingNetAPIClient.m; sourceTree = "<group>"; };
		A3C9143E1CB77C9B00011552 /* Coding_NetAPIManager.h */ = {isa = PBXFileReference; fileEncoding = 4; lastKnownFileType = sourcecode.c.h; path = Coding_NetAPIManager.h; sourceTree = "<group>"; };
		A3C9143F1CB77C9B00011552 /* Coding_NetAPIManager.m */ = {isa = PBXFileReference; fileEncoding = 4; lastKnownFileType = sourcecode.c.objc; path = Coding_NetAPIManager.m; sourceTree = "<group>"; };
		A3C914421CB7A41800011552 /* NSDate+Helper.h */ = {isa = PBXFileReference; fileEncoding = 4; lastKnownFileType = sourcecode.c.h; path = "NSDate+Helper.h"; sourceTree = "<group>"; };
		A3C914431CB7A41800011552 /* NSDate+Helper.m */ = {isa = PBXFileReference; fileEncoding = 4; lastKnownFileType = sourcecode.c.objc; path = "NSDate+Helper.m"; sourceTree = "<group>"; };
		A3C914441CB7A41800011552 /* README.textile */ = {isa = PBXFileReference; fileEncoding = 4; lastKnownFileType = text; path = README.textile; sourceTree = "<group>"; };
		A3C914471CB7A77100011552 /* AddressManager.h */ = {isa = PBXFileReference; fileEncoding = 4; lastKnownFileType = sourcecode.c.h; path = AddressManager.h; sourceTree = "<group>"; };
		A3C914481CB7A77100011552 /* AddressManager.m */ = {isa = PBXFileReference; fileEncoding = 4; lastKnownFileType = sourcecode.c.objc; path = AddressManager.m; sourceTree = "<group>"; };
		A3C9144A1CB7A84A00011552 /* address.json */ = {isa = PBXFileReference; fileEncoding = 4; lastKnownFileType = text.json; path = address.json; sourceTree = "<group>"; };
		A3E0F9AA1CB660B70016256B /* WebViewController.h */ = {isa = PBXFileReference; fileEncoding = 4; lastKnownFileType = sourcecode.c.h; path = WebViewController.h; sourceTree = "<group>"; };
		A3E0F9AB1CB660B70016256B /* WebViewController.m */ = {isa = PBXFileReference; fileEncoding = 4; lastKnownFileType = sourcecode.c.objc; path = WebViewController.m; sourceTree = "<group>"; };
		A3E8E0EC1CB4ED77009D0CB5 /* PingPayWebViewController.h */ = {isa = PBXFileReference; fileEncoding = 4; lastKnownFileType = sourcecode.c.h; path = PingPayWebViewController.h; sourceTree = "<group>"; };
		A3E8E0ED1CB4ED77009D0CB5 /* PingPayWebViewController.m */ = {isa = PBXFileReference; fileEncoding = 4; lastKnownFileType = sourcecode.c.objc; path = PingPayWebViewController.m; sourceTree = "<group>"; };
		A3E8E0F71CB50AA4009D0CB5 /* NinaBaseView.h */ = {isa = PBXFileReference; fileEncoding = 4; lastKnownFileType = sourcecode.c.h; path = NinaBaseView.h; sourceTree = "<group>"; };
		A3E8E0F81CB50AA4009D0CB5 /* NinaBaseView.m */ = {isa = PBXFileReference; fileEncoding = 4; lastKnownFileType = sourcecode.c.objc; path = NinaBaseView.m; sourceTree = "<group>"; };
		A3E8E0F91CB50AA4009D0CB5 /* NinaPagerView.h */ = {isa = PBXFileReference; fileEncoding = 4; lastKnownFileType = sourcecode.c.h; path = NinaPagerView.h; sourceTree = "<group>"; };
		A3E8E0FA1CB50AA4009D0CB5 /* NinaPagerView.m */ = {isa = PBXFileReference; fileEncoding = 4; lastKnownFileType = sourcecode.c.objc; path = NinaPagerView.m; sourceTree = "<group>"; };
		A3E8E0FB1CB50AA4009D0CB5 /* TopTabView.h */ = {isa = PBXFileReference; fileEncoding = 4; lastKnownFileType = sourcecode.c.h; path = TopTabView.h; sourceTree = "<group>"; };
		A3E8E0FC1CB50AA4009D0CB5 /* TopTabView.m */ = {isa = PBXFileReference; fileEncoding = 4; lastKnownFileType = sourcecode.c.objc; path = TopTabView.m; sourceTree = "<group>"; };
		A3E8E0FD1CB50AA4009D0CB5 /* UIParameter.h */ = {isa = PBXFileReference; fileEncoding = 4; lastKnownFileType = sourcecode.c.h; path = UIParameter.h; sourceTree = "<group>"; };
		A3E8E1011CB50B37009D0CB5 /* AllMapViewController.h */ = {isa = PBXFileReference; fileEncoding = 4; lastKnownFileType = sourcecode.c.h; path = AllMapViewController.h; sourceTree = "<group>"; };
		A3E8E1021CB50B37009D0CB5 /* AllMapViewController.m */ = {isa = PBXFileReference; fileEncoding = 4; lastKnownFileType = sourcecode.c.objc; path = AllMapViewController.m; sourceTree = "<group>"; };
		A3E8E1041CB50B5E009D0CB5 /* OfficeBuildingViewController.h */ = {isa = PBXFileReference; fileEncoding = 4; lastKnownFileType = sourcecode.c.h; path = OfficeBuildingViewController.h; sourceTree = "<group>"; };
		A3E8E1051CB50B5E009D0CB5 /* OfficeBuildingViewController.m */ = {isa = PBXFileReference; fileEncoding = 4; lastKnownFileType = sourcecode.c.objc; path = OfficeBuildingViewController.m; sourceTree = "<group>"; };
		A3E8E1071CB50B89009D0CB5 /* HouseViewController.h */ = {isa = PBXFileReference; fileEncoding = 4; lastKnownFileType = sourcecode.c.h; path = HouseViewController.h; sourceTree = "<group>"; };
		A3E8E1081CB50B89009D0CB5 /* HouseViewController.m */ = {isa = PBXFileReference; fileEncoding = 4; lastKnownFileType = sourcecode.c.objc; path = HouseViewController.m; sourceTree = "<group>"; };
		A3E8E10A1CB50BA0009D0CB5 /* SchoolViewController.h */ = {isa = PBXFileReference; fileEncoding = 4; lastKnownFileType = sourcecode.c.h; path = SchoolViewController.h; sourceTree = "<group>"; };
		A3E8E10B1CB50BA0009D0CB5 /* SchoolViewController.m */ = {isa = PBXFileReference; fileEncoding = 4; lastKnownFileType = sourcecode.c.objc; path = SchoolViewController.m; sourceTree = "<group>"; };
		A3E8E10E1CB510FE009D0CB5 /* QRCScanner.h */ = {isa = PBXFileReference; fileEncoding = 4; lastKnownFileType = sourcecode.c.h; path = QRCScanner.h; sourceTree = "<group>"; };
		A3E8E10F1CB510FE009D0CB5 /* QRCScanner.m */ = {isa = PBXFileReference; fileEncoding = 4; lastKnownFileType = sourcecode.c.objc; path = QRCScanner.m; sourceTree = "<group>"; };
		A3E8E1101CB510FE009D0CB5 /* QRCScannerViewController.h */ = {isa = PBXFileReference; fileEncoding = 4; lastKnownFileType = sourcecode.c.h; path = QRCScannerViewController.h; sourceTree = "<group>"; };
		A3E8E1111CB510FE009D0CB5 /* QRCScannerViewController.m */ = {isa = PBXFileReference; fileEncoding = 4; lastKnownFileType = sourcecode.c.objc; path = QRCScannerViewController.m; sourceTree = "<group>"; };
		A3E8E1151CB5110E009D0CB5 /* BaseRDVTabViewController.h */ = {isa = PBXFileReference; fileEncoding = 4; lastKnownFileType = sourcecode.c.h; path = BaseRDVTabViewController.h; sourceTree = "<group>"; };
		A3E8E1161CB5110E009D0CB5 /* BaseRDVTabViewController.m */ = {isa = PBXFileReference; fileEncoding = 4; lastKnownFileType = sourcecode.c.objc; path = BaseRDVTabViewController.m; sourceTree = "<group>"; };
		A3E8E1191CB5110E009D0CB5 /* RDVFirstViewController.h */ = {isa = PBXFileReference; fileEncoding = 4; lastKnownFileType = sourcecode.c.h; path = RDVFirstViewController.h; sourceTree = "<group>"; };
		A3E8E11A1CB5110E009D0CB5 /* RDVFirstViewController.m */ = {isa = PBXFileReference; fileEncoding = 4; lastKnownFileType = sourcecode.c.objc; path = RDVFirstViewController.m; sourceTree = "<group>"; };
		A3E8E11B1CB5110E009D0CB5 /* RDVSecondViewController.h */ = {isa = PBXFileReference; fileEncoding = 4; lastKnownFileType = sourcecode.c.h; path = RDVSecondViewController.h; sourceTree = "<group>"; };
		A3E8E11C1CB5110E009D0CB5 /* RDVSecondViewController.m */ = {isa = PBXFileReference; fileEncoding = 4; lastKnownFileType = sourcecode.c.objc; path = RDVSecondViewController.m; sourceTree = "<group>"; };
		A3E8E11D1CB5110E009D0CB5 /* RDVThirdViewController.h */ = {isa = PBXFileReference; fileEncoding = 4; lastKnownFileType = sourcecode.c.h; path = RDVThirdViewController.h; sourceTree = "<group>"; };
		A3E8E11E1CB5110E009D0CB5 /* RDVThirdViewController.m */ = {isa = PBXFileReference; fileEncoding = 4; lastKnownFileType = sourcecode.c.objc; path = RDVThirdViewController.m; sourceTree = "<group>"; };
		A3E8E11F1CB5110E009D0CB5 /* SettingTextViewController.h */ = {isa = PBXFileReference; fileEncoding = 4; lastKnownFileType = sourcecode.c.h; path = SettingTextViewController.h; sourceTree = "<group>"; };
		A3E8E1201CB5110E009D0CB5 /* SettingTextViewController.m */ = {isa = PBXFileReference; fileEncoding = 4; lastKnownFileType = sourcecode.c.objc; path = SettingTextViewController.m; sourceTree = "<group>"; };
		A3E8E14A1CB5117E009D0CB5 /* AddressPickerViewController.h */ = {isa = PBXFileReference; fileEncoding = 4; lastKnownFileType = sourcecode.c.h; path = AddressPickerViewController.h; sourceTree = "<group>"; };
		A3E8E14B1CB5117E009D0CB5 /* AddressPickerViewController.m */ = {isa = PBXFileReference; fileEncoding = 4; lastKnownFileType = sourcecode.c.objc; path = AddressPickerViewController.m; sourceTree = "<group>"; };
		A3E8E14D1CB5117E009D0CB5 /* CurrentCityCell.h */ = {isa = PBXFileReference; fileEncoding = 4; lastKnownFileType = sourcecode.c.h; path = CurrentCityCell.h; sourceTree = "<group>"; };
		A3E8E14E1CB5117E009D0CB5 /* CurrentCityCell.m */ = {isa = PBXFileReference; fileEncoding = 4; lastKnownFileType = sourcecode.c.objc; path = CurrentCityCell.m; sourceTree = "<group>"; };
		A3E8E14F1CB5117E009D0CB5 /* HotCityCell.h */ = {isa = PBXFileReference; fileEncoding = 4; lastKnownFileType = sourcecode.c.h; path = HotCityCell.h; sourceTree = "<group>"; };
		A3E8E1501CB5117E009D0CB5 /* HotCityCell.m */ = {isa = PBXFileReference; fileEncoding = 4; lastKnownFileType = sourcecode.c.objc; path = HotCityCell.m; sourceTree = "<group>"; };
		A3E8E1511CB5117E009D0CB5 /* RecentCityCell.h */ = {isa = PBXFileReference; fileEncoding = 4; lastKnownFileType = sourcecode.c.h; path = RecentCityCell.h; sourceTree = "<group>"; };
		A3E8E1521CB5117E009D0CB5 /* RecentCityCell.m */ = {isa = PBXFileReference; fileEncoding = 4; lastKnownFileType = sourcecode.c.objc; path = RecentCityCell.m; sourceTree = "<group>"; };
		A3E8E1531CB5117E009D0CB5 /* JJAddressPickerController.h */ = {isa = PBXFileReference; fileEncoding = 4; lastKnownFileType = sourcecode.c.h; path = JJAddressPickerController.h; sourceTree = "<group>"; };
		A3E8E1541CB5117E009D0CB5 /* JJAddressPickerController.m */ = {isa = PBXFileReference; fileEncoding = 4; lastKnownFileType = sourcecode.c.objc; path = JJAddressPickerController.m; sourceTree = "<group>"; };
		A3E8E1561CB5117E009D0CB5 /* AddressHeader.h */ = {isa = PBXFileReference; fileEncoding = 4; lastKnownFileType = sourcecode.c.h; path = AddressHeader.h; sourceTree = "<group>"; };
		A3E8E1571CB5117E009D0CB5 /* ChineseToPinyin.h */ = {isa = PBXFileReference; fileEncoding = 4; lastKnownFileType = sourcecode.c.h; path = ChineseToPinyin.h; sourceTree = "<group>"; };
		A3E8E1581CB5117E009D0CB5 /* ChineseToPinyin.m */ = {isa = PBXFileReference; fileEncoding = 4; lastKnownFileType = sourcecode.c.objc; path = ChineseToPinyin.m; sourceTree = "<group>"; };
		A3E8E1591CB5117E009D0CB5 /* cities.plist */ = {isa = PBXFileReference; fileEncoding = 4; lastKnownFileType = text.plist.xml; path = cities.plist; sourceTree = "<group>"; };
		A3E8E15B1CB5117E009D0CB5 /* LNLocationGeocoder.h */ = {isa = PBXFileReference; fileEncoding = 4; lastKnownFileType = sourcecode.c.h; path = LNLocationGeocoder.h; sourceTree = "<group>"; };
		A3E8E15C1CB5117E009D0CB5 /* LNLocationGeocoder.m */ = {isa = PBXFileReference; fileEncoding = 4; lastKnownFileType = sourcecode.c.objc; path = LNLocationGeocoder.m; sourceTree = "<group>"; };
		A3E8E15D1CB5117E009D0CB5 /* LNLocationManager.h */ = {isa = PBXFileReference; fileEncoding = 4; lastKnownFileType = sourcecode.c.h; path = LNLocationManager.h; sourceTree = "<group>"; };
		A3E8E15E1CB5117E009D0CB5 /* LNLocationManager.m */ = {isa = PBXFileReference; fileEncoding = 4; lastKnownFileType = sourcecode.c.objc; path = LNLocationManager.m; sourceTree = "<group>"; };
		A3E8E15F1CB5117E009D0CB5 /* LNSearchManager.h */ = {isa = PBXFileReference; fileEncoding = 4; lastKnownFileType = sourcecode.c.h; path = LNSearchManager.h; sourceTree = "<group>"; };
		A3E8E1601CB5117E009D0CB5 /* LNSearchManager.m */ = {isa = PBXFileReference; fileEncoding = 4; lastKnownFileType = sourcecode.c.objc; path = LNSearchManager.m; sourceTree = "<group>"; };
		A3E91A461CB56A8F00F200D0 /* JASidePanelController.h */ = {isa = PBXFileReference; fileEncoding = 4; lastKnownFileType = sourcecode.c.h; path = JASidePanelController.h; sourceTree = "<group>"; };
		A3E91A471CB56A8F00F200D0 /* JASidePanelController.m */ = {isa = PBXFileReference; fileEncoding = 4; lastKnownFileType = sourcecode.c.objc; path = JASidePanelController.m; sourceTree = "<group>"; };
		A3E91A481CB56A8F00F200D0 /* UIViewController+JASidePanel.h */ = {isa = PBXFileReference; fileEncoding = 4; lastKnownFileType = sourcecode.c.h; path = "UIViewController+JASidePanel.h"; sourceTree = "<group>"; };
		A3E91A491CB56A8F00F200D0 /* UIViewController+JASidePanel.m */ = {isa = PBXFileReference; fileEncoding = 4; lastKnownFileType = sourcecode.c.objc; path = "UIViewController+JASidePanel.m"; sourceTree = "<group>"; };
		A3EDB5E31CAE4B5100C8A204 /* EShowIOS.app */ = {isa = PBXFileReference; explicitFileType = wrapper.application; includeInIndex = 0; path = EShowIOS.app; sourceTree = BUILT_PRODUCTS_DIR; };
		A3EDB5E71CAE4B5100C8A204 /* main.m */ = {isa = PBXFileReference; lastKnownFileType = sourcecode.c.objc; path = main.m; sourceTree = "<group>"; };
		A3EDB5F21CAE4B5100C8A204 /* Assets.xcassets */ = {isa = PBXFileReference; lastKnownFileType = folder.assetcatalog; path = Assets.xcassets; sourceTree = "<group>"; };
		A3EDB5F51CAE4B5100C8A204 /* Base */ = {isa = PBXFileReference; lastKnownFileType = file.storyboard; name = Base; path = Base.lproj/LaunchScreen.storyboard; sourceTree = "<group>"; };
		A3EDB5F71CAE4B5100C8A204 /* Info.plist */ = {isa = PBXFileReference; lastKnownFileType = text.plist.xml; path = Info.plist; sourceTree = "<group>"; };
		A3EDB5FC1CAE4B5100C8A204 /* EShowIOSTests.xctest */ = {isa = PBXFileReference; explicitFileType = wrapper.cfbundle; includeInIndex = 0; path = EShowIOSTests.xctest; sourceTree = BUILT_PRODUCTS_DIR; };
		A3EDB6001CAE4B5100C8A204 /* EShowIOSTests.m */ = {isa = PBXFileReference; lastKnownFileType = sourcecode.c.objc; path = EShowIOSTests.m; sourceTree = "<group>"; };
		A3EDB6021CAE4B5100C8A204 /* Info.plist */ = {isa = PBXFileReference; lastKnownFileType = text.plist.xml; path = Info.plist; sourceTree = "<group>"; };
		A3EDB6071CAE4B5100C8A204 /* EShowIOSUITests.xctest */ = {isa = PBXFileReference; explicitFileType = wrapper.cfbundle; includeInIndex = 0; path = EShowIOSUITests.xctest; sourceTree = BUILT_PRODUCTS_DIR; };
		A3EDB60B1CAE4B5100C8A204 /* EShowIOSUITests.m */ = {isa = PBXFileReference; lastKnownFileType = sourcecode.c.objc; path = EShowIOSUITests.m; sourceTree = "<group>"; };
		A3EDB60D1CAE4B5100C8A204 /* Info.plist */ = {isa = PBXFileReference; lastKnownFileType = text.plist.xml; path = Info.plist; sourceTree = "<group>"; };
		A3EDB6221CAE510300C8A204 /* SideMenuViewController.h */ = {isa = PBXFileReference; fileEncoding = 4; lastKnownFileType = sourcecode.c.h; path = SideMenuViewController.h; sourceTree = "<group>"; };
		A3EDB6231CAE510300C8A204 /* SideMenuViewController.m */ = {isa = PBXFileReference; fileEncoding = 4; lastKnownFileType = sourcecode.c.objc; path = SideMenuViewController.m; sourceTree = "<group>"; };
		A3EDB6261CAE54B300C8A204 /* ForgetPasswordViewController.h */ = {isa = PBXFileReference; fileEncoding = 4; lastKnownFileType = sourcecode.c.h; path = ForgetPasswordViewController.h; sourceTree = "<group>"; };
		A3EDB6271CAE54B300C8A204 /* ForgetPasswordViewController.m */ = {isa = PBXFileReference; fileEncoding = 4; lastKnownFileType = sourcecode.c.objc; path = ForgetPasswordViewController.m; sourceTree = "<group>"; };
		A3EDB6281CAE54B300C8A204 /* ForgetTelephoneViewController.h */ = {isa = PBXFileReference; fileEncoding = 4; lastKnownFileType = sourcecode.c.h; path = ForgetTelephoneViewController.h; sourceTree = "<group>"; };
		A3EDB6291CAE54B300C8A204 /* ForgetTelephoneViewController.m */ = {isa = PBXFileReference; fileEncoding = 4; lastKnownFileType = sourcecode.c.objc; path = ForgetTelephoneViewController.m; sourceTree = "<group>"; };
		A3EDB62A1CAE54B300C8A204 /* IntroductionViewController.h */ = {isa = PBXFileReference; fileEncoding = 4; lastKnownFileType = sourcecode.c.h; path = IntroductionViewController.h; sourceTree = "<group>"; };
		A3EDB62B1CAE54B300C8A204 /* IntroductionViewController.m */ = {isa = PBXFileReference; fileEncoding = 4; lastKnownFileType = sourcecode.c.objc; path = IntroductionViewController.m; sourceTree = "<group>"; };
		A3EDB62C1CAE54B300C8A204 /* LoginViewController.h */ = {isa = PBXFileReference; fileEncoding = 4; lastKnownFileType = sourcecode.c.h; path = LoginViewController.h; sourceTree = "<group>"; };
		A3EDB62D1CAE54B300C8A204 /* LoginViewController.m */ = {isa = PBXFileReference; fileEncoding = 4; lastKnownFileType = sourcecode.c.objc; path = LoginViewController.m; sourceTree = "<group>"; };
		A3EDB62E1CAE54B300C8A204 /* RegisterCaptchaViewController.h */ = {isa = PBXFileReference; fileEncoding = 4; lastKnownFileType = sourcecode.c.h; path = RegisterCaptchaViewController.h; sourceTree = "<group>"; };
		A3EDB62F1CAE54B300C8A204 /* RegisterCaptchaViewController.m */ = {isa = PBXFileReference; fileEncoding = 4; lastKnownFileType = sourcecode.c.objc; path = RegisterCaptchaViewController.m; sourceTree = "<group>"; };
		A3EDB6301CAE54B300C8A204 /* RegisterViewController.h */ = {isa = PBXFileReference; fileEncoding = 4; lastKnownFileType = sourcecode.c.h; path = RegisterViewController.h; sourceTree = "<group>"; };
		A3EDB6311CAE54B300C8A204 /* RegisterViewController.m */ = {isa = PBXFileReference; fileEncoding = 4; lastKnownFileType = sourcecode.c.objc; path = RegisterViewController.m; sourceTree = "<group>"; };
		A3EDB6391CAE56EF00C8A204 /* ContentViewController.h */ = {isa = PBXFileReference; fileEncoding = 4; lastKnownFileType = sourcecode.c.h; path = ContentViewController.h; sourceTree = "<group>"; };
		A3EDB63A1CAE56EF00C8A204 /* ContentViewController.m */ = {isa = PBXFileReference; fileEncoding = 4; lastKnownFileType = sourcecode.c.objc; path = ContentViewController.m; sourceTree = "<group>"; };
		A3EDB63E1CAE599700C8A204 /* AbstractActionSheetPicker.h */ = {isa = PBXFileReference; fileEncoding = 4; lastKnownFileType = sourcecode.c.h; path = AbstractActionSheetPicker.h; sourceTree = "<group>"; };
		A3EDB63F1CAE599700C8A204 /* AbstractActionSheetPicker.m */ = {isa = PBXFileReference; fileEncoding = 4; lastKnownFileType = sourcecode.c.objc; path = AbstractActionSheetPicker.m; sourceTree = "<group>"; };
		A3EDB6401CAE599700C8A204 /* ActionSheetCustomPicker.h */ = {isa = PBXFileReference; fileEncoding = 4; lastKnownFileType = sourcecode.c.h; path = ActionSheetCustomPicker.h; sourceTree = "<group>"; };
		A3EDB6411CAE599700C8A204 /* ActionSheetCustomPicker.m */ = {isa = PBXFileReference; fileEncoding = 4; lastKnownFileType = sourcecode.c.objc; path = ActionSheetCustomPicker.m; sourceTree = "<group>"; };
		A3EDB6421CAE599700C8A204 /* ActionSheetCustomPickerDelegate.h */ = {isa = PBXFileReference; fileEncoding = 4; lastKnownFileType = sourcecode.c.h; path = ActionSheetCustomPickerDelegate.h; sourceTree = "<group>"; };
		A3EDB6431CAE599700C8A204 /* ActionSheetDatePicker.h */ = {isa = PBXFileReference; fileEncoding = 4; lastKnownFileType = sourcecode.c.h; path = ActionSheetDatePicker.h; sourceTree = "<group>"; };
		A3EDB6441CAE599700C8A204 /* ActionSheetDatePicker.m */ = {isa = PBXFileReference; fileEncoding = 4; lastKnownFileType = sourcecode.c.objc; path = ActionSheetDatePicker.m; sourceTree = "<group>"; };
		A3EDB6451CAE599700C8A204 /* ActionSheetDistancePicker.h */ = {isa = PBXFileReference; fileEncoding = 4; lastKnownFileType = sourcecode.c.h; path = ActionSheetDistancePicker.h; sourceTree = "<group>"; };
		A3EDB6461CAE599700C8A204 /* ActionSheetDistancePicker.m */ = {isa = PBXFileReference; fileEncoding = 4; lastKnownFileType = sourcecode.c.objc; path = ActionSheetDistancePicker.m; sourceTree = "<group>"; };
		A3EDB6471CAE599700C8A204 /* ActionSheetLocalePicker.h */ = {isa = PBXFileReference; fileEncoding = 4; lastKnownFileType = sourcecode.c.h; path = ActionSheetLocalePicker.h; sourceTree = "<group>"; };
		A3EDB6481CAE599700C8A204 /* ActionSheetLocalePicker.m */ = {isa = PBXFileReference; fileEncoding = 4; lastKnownFileType = sourcecode.c.objc; path = ActionSheetLocalePicker.m; sourceTree = "<group>"; };
		A3EDB6491CAE599700C8A204 /* ActionSheetStringPicker.h */ = {isa = PBXFileReference; fileEncoding = 4; lastKnownFileType = sourcecode.c.h; path = ActionSheetStringPicker.h; sourceTree = "<group>"; };
		A3EDB64A1CAE599700C8A204 /* ActionSheetStringPicker.m */ = {isa = PBXFileReference; fileEncoding = 4; lastKnownFileType = sourcecode.c.objc; path = ActionSheetStringPicker.m; sourceTree = "<group>"; };
		A3EDB64B1CAE599700C8A204 /* DistancePickerView.h */ = {isa = PBXFileReference; fileEncoding = 4; lastKnownFileType = sourcecode.c.h; path = DistancePickerView.h; sourceTree = "<group>"; };
		A3EDB64C1CAE599700C8A204 /* DistancePickerView.m */ = {isa = PBXFileReference; fileEncoding = 4; lastKnownFileType = sourcecode.c.objc; path = DistancePickerView.m; sourceTree = "<group>"; };
		A3EDB64D1CAE599700C8A204 /* SWActionSheet.h */ = {isa = PBXFileReference; fileEncoding = 4; lastKnownFileType = sourcecode.c.h; path = SWActionSheet.h; sourceTree = "<group>"; };
		A3EDB64E1CAE599700C8A204 /* SWActionSheet.m */ = {isa = PBXFileReference; fileEncoding = 4; lastKnownFileType = sourcecode.c.objc; path = SWActionSheet.m; sourceTree = "<group>"; };
		A3EDB6501CAE599700C8A204 /* FRDLivelyButton.h */ = {isa = PBXFileReference; fileEncoding = 4; lastKnownFileType = sourcecode.c.h; path = FRDLivelyButton.h; sourceTree = "<group>"; };
		A3EDB6511CAE599700C8A204 /* FRDLivelyButton.m */ = {isa = PBXFileReference; fileEncoding = 4; lastKnownFileType = sourcecode.c.objc; path = FRDLivelyButton.m; sourceTree = "<group>"; };
		A3EDB6531CAE599700C8A204 /* JDStatusBarNotification.h */ = {isa = PBXFileReference; fileEncoding = 4; lastKnownFileType = sourcecode.c.h; path = JDStatusBarNotification.h; sourceTree = "<group>"; };
		A3EDB6541CAE599700C8A204 /* JDStatusBarNotification.m */ = {isa = PBXFileReference; fileEncoding = 4; lastKnownFileType = sourcecode.c.objc; path = JDStatusBarNotification.m; sourceTree = "<group>"; };
		A3EDB6551CAE599700C8A204 /* JDStatusBarStyle.h */ = {isa = PBXFileReference; fileEncoding = 4; lastKnownFileType = sourcecode.c.h; path = JDStatusBarStyle.h; sourceTree = "<group>"; };
		A3EDB6561CAE599700C8A204 /* JDStatusBarStyle.m */ = {isa = PBXFileReference; fileEncoding = 4; lastKnownFileType = sourcecode.c.objc; path = JDStatusBarStyle.m; sourceTree = "<group>"; };
		A3EDB6571CAE599700C8A204 /* JDStatusBarView.h */ = {isa = PBXFileReference; fileEncoding = 4; lastKnownFileType = sourcecode.c.h; path = JDStatusBarView.h; sourceTree = "<group>"; };
		A3EDB6581CAE599700C8A204 /* JDStatusBarView.m */ = {isa = PBXFileReference; fileEncoding = 4; lastKnownFileType = sourcecode.c.objc; path = JDStatusBarView.m; sourceTree = "<group>"; };
		A3EDB6651CAE599700C8A204 /* ODRefreshControl.h */ = {isa = PBXFileReference; fileEncoding = 4; lastKnownFileType = sourcecode.c.h; path = ODRefreshControl.h; sourceTree = "<group>"; };
		A3EDB6661CAE599700C8A204 /* ODRefreshControl.m */ = {isa = PBXFileReference; fileEncoding = 4; lastKnownFileType = sourcecode.c.objc; path = ODRefreshControl.m; sourceTree = "<group>"; };
		A3EDB67C1CAE599700C8A204 /* GlowImageView.h */ = {isa = PBXFileReference; fileEncoding = 4; lastKnownFileType = sourcecode.c.h; path = GlowImageView.h; sourceTree = "<group>"; };
		A3EDB67D1CAE599700C8A204 /* GlowImageView.m */ = {isa = PBXFileReference; fileEncoding = 4; lastKnownFileType = sourcecode.c.objc; path = GlowImageView.m; sourceTree = "<group>"; };
		A3EDB67E1CAE599700C8A204 /* MenuButton.h */ = {isa = PBXFileReference; fileEncoding = 4; lastKnownFileType = sourcecode.c.h; path = MenuButton.h; sourceTree = "<group>"; };
		A3EDB67F1CAE599700C8A204 /* MenuButton.m */ = {isa = PBXFileReference; fileEncoding = 4; lastKnownFileType = sourcecode.c.objc; path = MenuButton.m; sourceTree = "<group>"; };
		A3EDB6801CAE599700C8A204 /* MenuItem.h */ = {isa = PBXFileReference; fileEncoding = 4; lastKnownFileType = sourcecode.c.h; path = MenuItem.h; sourceTree = "<group>"; };
		A3EDB6811CAE599700C8A204 /* MenuItem.m */ = {isa = PBXFileReference; fileEncoding = 4; lastKnownFileType = sourcecode.c.objc; path = MenuItem.m; sourceTree = "<group>"; };
		A3EDB6821CAE599700C8A204 /* PopMenu.h */ = {isa = PBXFileReference; fileEncoding = 4; lastKnownFileType = sourcecode.c.h; path = PopMenu.h; sourceTree = "<group>"; };
		A3EDB6831CAE599700C8A204 /* PopMenu.m */ = {isa = PBXFileReference; fileEncoding = 4; lastKnownFileType = sourcecode.c.objc; path = PopMenu.m; sourceTree = "<group>"; };
		A3EDB6851CAE599700C8A204 /* RDVTabBar.h */ = {isa = PBXFileReference; fileEncoding = 4; lastKnownFileType = sourcecode.c.h; path = RDVTabBar.h; sourceTree = "<group>"; };
		A3EDB6861CAE599700C8A204 /* RDVTabBar.m */ = {isa = PBXFileReference; fileEncoding = 4; lastKnownFileType = sourcecode.c.objc; path = RDVTabBar.m; sourceTree = "<group>"; };
		A3EDB6871CAE599700C8A204 /* RDVTabBarController.h */ = {isa = PBXFileReference; fileEncoding = 4; lastKnownFileType = sourcecode.c.h; path = RDVTabBarController.h; sourceTree = "<group>"; };
		A3EDB6881CAE599700C8A204 /* RDVTabBarController.m */ = {isa = PBXFileReference; fileEncoding = 4; lastKnownFileType = sourcecode.c.objc; path = RDVTabBarController.m; sourceTree = "<group>"; };
		A3EDB6891CAE599700C8A204 /* RDVTabBarItem.h */ = {isa = PBXFileReference; fileEncoding = 4; lastKnownFileType = sourcecode.c.h; path = RDVTabBarItem.h; sourceTree = "<group>"; };
		A3EDB68A1CAE599700C8A204 /* RDVTabBarItem.m */ = {isa = PBXFileReference; fileEncoding = 4; lastKnownFileType = sourcecode.c.objc; path = RDVTabBarItem.m; sourceTree = "<group>"; };
		A3EDB6961CAE599700C8A204 /* SMPageControl.h */ = {isa = PBXFileReference; fileEncoding = 4; lastKnownFileType = sourcecode.c.h; path = SMPageControl.h; sourceTree = "<group>"; };
		A3EDB6971CAE599700C8A204 /* SMPageControl.m */ = {isa = PBXFileReference; fileEncoding = 4; lastKnownFileType = sourcecode.c.objc; path = SMPageControl.m; sourceTree = "<group>"; };
		A3EDB6981CAE599700C8A204 /* TestinAgent.framework */ = {isa = PBXFileReference; lastKnownFileType = wrapper.framework; path = TestinAgent.framework; sourceTree = "<group>"; };
		A3EDB69A1CAE599700C8A204 /* Toast+UIView.h */ = {isa = PBXFileReference; fileEncoding = 4; lastKnownFileType = sourcecode.c.h; path = "Toast+UIView.h"; sourceTree = "<group>"; };
		A3EDB69B1CAE599700C8A204 /* Toast+UIView.m */ = {isa = PBXFileReference; fileEncoding = 4; lastKnownFileType = sourcecode.c.objc; path = "Toast+UIView.m"; sourceTree = "<group>"; };
		A3EDB69D1CAE599700C8A204 /* XHRealTimeBlur.h */ = {isa = PBXFileReference; fileEncoding = 4; lastKnownFileType = sourcecode.c.h; path = XHRealTimeBlur.h; sourceTree = "<group>"; };
		A3EDB69E1CAE599700C8A204 /* XHRealTimeBlur.m */ = {isa = PBXFileReference; fileEncoding = 4; lastKnownFileType = sourcecode.c.objc; path = XHRealTimeBlur.m; sourceTree = "<group>"; };
		A3EDB6CA1CAE59D100C8A204 /* EShowIOS.pch */ = {isa = PBXFileReference; lastKnownFileType = sourcecode.c.h; path = EShowIOS.pch; sourceTree = "<group>"; };
		A3EDB6D71CAE5A9200C8A204 /* NSObject+commom.h */ = {isa = PBXFileReference; fileEncoding = 4; lastKnownFileType = sourcecode.c.h; path = "NSObject+commom.h"; sourceTree = "<group>"; };
		A3EDB6D81CAE5A9200C8A204 /* NSObject+commom.m */ = {isa = PBXFileReference; fileEncoding = 4; lastKnownFileType = sourcecode.c.objc; path = "NSObject+commom.m"; sourceTree = "<group>"; };
		A3EDB6D91CAE5A9200C8A204 /* UIButton+Bootstrap.h */ = {isa = PBXFileReference; fileEncoding = 4; lastKnownFileType = sourcecode.c.h; path = "UIButton+Bootstrap.h"; sourceTree = "<group>"; };
		A3EDB6DA1CAE5A9200C8A204 /* UIButton+Bootstrap.m */ = {isa = PBXFileReference; fileEncoding = 4; lastKnownFileType = sourcecode.c.objc; path = "UIButton+Bootstrap.m"; sourceTree = "<group>"; };
		A3EDB6DB1CAE5A9200C8A204 /* UIColor+expanded.h */ = {isa = PBXFileReference; fileEncoding = 4; lastKnownFileType = sourcecode.c.h; path = "UIColor+expanded.h"; sourceTree = "<group>"; };
		A3EDB6DC1CAE5A9200C8A204 /* UIColor+expanded.m */ = {isa = PBXFileReference; fileEncoding = 4; lastKnownFileType = sourcecode.c.objc; path = "UIColor+expanded.m"; sourceTree = "<group>"; };
		A3EDB6DD1CAE5A9200C8A204 /* UITableView+Common.h */ = {isa = PBXFileReference; fileEncoding = 4; lastKnownFileType = sourcecode.c.h; path = "UITableView+Common.h"; sourceTree = "<group>"; };
		A3EDB6DE1CAE5A9200C8A204 /* UITableView+Common.m */ = {isa = PBXFileReference; fileEncoding = 4; lastKnownFileType = sourcecode.c.objc; path = "UITableView+Common.m"; sourceTree = "<group>"; };
		A3EDB6DF1CAE5A9200C8A204 /* UITapImageView.h */ = {isa = PBXFileReference; fileEncoding = 4; lastKnownFileType = sourcecode.c.h; path = UITapImageView.h; sourceTree = "<group>"; };
		A3EDB6E01CAE5A9200C8A204 /* UITapImageView.m */ = {isa = PBXFileReference; fileEncoding = 4; lastKnownFileType = sourcecode.c.objc; path = UITapImageView.m; sourceTree = "<group>"; };
		A3EDB6E11CAE5A9200C8A204 /* UIView+common.h */ = {isa = PBXFileReference; fileEncoding = 4; lastKnownFileType = sourcecode.c.h; path = "UIView+common.h"; sourceTree = "<group>"; };
		A3EDB6E21CAE5A9200C8A204 /* UIView+common.m */ = {isa = PBXFileReference; fileEncoding = 4; lastKnownFileType = sourcecode.c.objc; path = "UIView+common.m"; sourceTree = "<group>"; };
		A3EDB6E31CAE5A9200C8A204 /* UIView+Extension.h */ = {isa = PBXFileReference; fileEncoding = 4; lastKnownFileType = sourcecode.c.h; path = "UIView+Extension.h"; sourceTree = "<group>"; };
		A3EDB6E41CAE5A9200C8A204 /* UIView+Extension.m */ = {isa = PBXFileReference; fileEncoding = 4; lastKnownFileType = sourcecode.c.objc; path = "UIView+Extension.m"; sourceTree = "<group>"; };
		A3EDB6E51CAE5A9200C8A204 /* UIView+Frame.h */ = {isa = PBXFileReference; fileEncoding = 4; lastKnownFileType = sourcecode.c.h; path = "UIView+Frame.h"; sourceTree = "<group>"; };
		A3EDB6E61CAE5A9200C8A204 /* UIView+Frame.m */ = {isa = PBXFileReference; fileEncoding = 4; lastKnownFileType = sourcecode.c.objc; path = "UIView+Frame.m"; sourceTree = "<group>"; };
		A3EDB6E81CAE5A9200C8A204 /* UITTTAttributedLabel.h */ = {isa = PBXFileReference; fileEncoding = 4; lastKnownFileType = sourcecode.c.h; path = UITTTAttributedLabel.h; sourceTree = "<group>"; };
		A3EDB6E91CAE5A9200C8A204 /* UITTTAttributedLabel.m */ = {isa = PBXFileReference; fileEncoding = 4; lastKnownFileType = sourcecode.c.objc; path = UITTTAttributedLabel.m; sourceTree = "<group>"; };
		A3EDB6EC1CAE5A9200C8A204 /* Input_OnlyText_Cell.h */ = {isa = PBXFileReference; fileEncoding = 4; lastKnownFileType = sourcecode.c.h; path = Input_OnlyText_Cell.h; sourceTree = "<group>"; };
		A3EDB6ED1CAE5A9200C8A204 /* Input_OnlyText_Cell.m */ = {isa = PBXFileReference; fileEncoding = 4; lastKnownFileType = sourcecode.c.objc; path = Input_OnlyText_Cell.m; sourceTree = "<group>"; };
		A3EDB6EE1CAE5A9200C8A204 /* Input_OnlyText_Cell.xib */ = {isa = PBXFileReference; fileEncoding = 4; lastKnownFileType = file.xib; path = Input_OnlyText_Cell.xib; sourceTree = "<group>"; };
		A3EDB6EF1CAE5A9200C8A204 /* TitleRImageMoreCell.h */ = {isa = PBXFileReference; fileEncoding = 4; lastKnownFileType = sourcecode.c.h; path = TitleRImageMoreCell.h; sourceTree = "<group>"; };
		A3EDB6F01CAE5A9200C8A204 /* TitleRImageMoreCell.m */ = {isa = PBXFileReference; fileEncoding = 4; lastKnownFileType = sourcecode.c.objc; path = TitleRImageMoreCell.m; sourceTree = "<group>"; };
		A3EDB6F11CAE5A9200C8A204 /* TitleValueMoreCell.h */ = {isa = PBXFileReference; fileEncoding = 4; lastKnownFileType = sourcecode.c.h; path = TitleValueMoreCell.h; sourceTree = "<group>"; };
		A3EDB6F21CAE5A9200C8A204 /* TitleValueMoreCell.m */ = {isa = PBXFileReference; fileEncoding = 4; lastKnownFileType = sourcecode.c.objc; path = TitleValueMoreCell.m; sourceTree = "<group>"; };
		A3EDB7061CAE5ACA00C8A204 /* BaseNavigationController.h */ = {isa = PBXFileReference; fileEncoding = 4; lastKnownFileType = sourcecode.c.h; path = BaseNavigationController.h; sourceTree = "<group>"; };
		A3EDB7071CAE5ACA00C8A204 /* BaseNavigationController.m */ = {isa = PBXFileReference; fileEncoding = 4; lastKnownFileType = sourcecode.c.objc; path = BaseNavigationController.m; sourceTree = "<group>"; };
		A3EDB7091CAE5D0E00C8A204 /* AVFoundation.framework */ = {isa = PBXFileReference; lastKnownFileType = wrapper.framework; name = AVFoundation.framework; path = System/Library/Frameworks/AVFoundation.framework; sourceTree = SDKROOT; };
		A3EDB70B1CAE5D1F00C8A204 /* CoreLocation.framework */ = {isa = PBXFileReference; lastKnownFileType = wrapper.framework; name = CoreLocation.framework; path = System/Library/Frameworks/CoreLocation.framework; sourceTree = SDKROOT; };
		A3EDB70D1CAE5D2C00C8A204 /* CoreGraphics.framework */ = {isa = PBXFileReference; lastKnownFileType = wrapper.framework; name = CoreGraphics.framework; path = System/Library/Frameworks/CoreGraphics.framework; sourceTree = SDKROOT; };
		A3EDB70F1CAE5D4100C8A204 /* AssetsLibrary.framework */ = {isa = PBXFileReference; lastKnownFileType = wrapper.framework; name = AssetsLibrary.framework; path = System/Library/Frameworks/AssetsLibrary.framework; sourceTree = SDKROOT; };
		A3EDB7111CAE5E7A00C8A204 /* CoreTelephony.framework */ = {isa = PBXFileReference; lastKnownFileType = wrapper.framework; name = CoreTelephony.framework; path = System/Library/Frameworks/CoreTelephony.framework; sourceTree = SDKROOT; };
		C125CCD59B98EAA0EEA1BB21 /* Pods.debug.xcconfig */ = {isa = PBXFileReference; includeInIndex = 1; lastKnownFileType = text.xcconfig; name = Pods.debug.xcconfig; path = "Pods/Target Support Files/Pods/Pods.debug.xcconfig"; sourceTree = "<group>"; };
/* End PBXFileReference section */

/* Begin PBXFrameworksBuildPhase section */
		A3EDB5E01CAE4B5100C8A204 /* Frameworks */ = {
			isa = PBXFrameworksBuildPhase;
			buildActionMask = 2147483647;
			files = (
				A3EDB7121CAE5E7A00C8A204 /* CoreTelephony.framework in Frameworks */,
				A3EDB7101CAE5D4100C8A204 /* AssetsLibrary.framework in Frameworks */,
				A3EDB70E1CAE5D2C00C8A204 /* CoreGraphics.framework in Frameworks */,
				A3EDB70C1CAE5D1F00C8A204 /* CoreLocation.framework in Frameworks */,
				A3EDB70A1CAE5D0E00C8A204 /* AVFoundation.framework in Frameworks */,
				FC7C9688A32D5422A02AD8A2 /* libPods.a in Frameworks */,
				A3EDB6C71CAE599700C8A204 /* TestinAgent.framework in Frameworks */,
			);
			runOnlyForDeploymentPostprocessing = 0;
		};
		A3EDB5F91CAE4B5100C8A204 /* Frameworks */ = {
			isa = PBXFrameworksBuildPhase;
			buildActionMask = 2147483647;
			files = (
			);
			runOnlyForDeploymentPostprocessing = 0;
		};
		A3EDB6041CAE4B5100C8A204 /* Frameworks */ = {
			isa = PBXFrameworksBuildPhase;
			buildActionMask = 2147483647;
			files = (
			);
			runOnlyForDeploymentPostprocessing = 0;
		};
/* End PBXFrameworksBuildPhase section */

/* Begin PBXGroup section */
		292DDDEA9A0F1137583D2899 /* Pods */ = {
			isa = PBXGroup;
			children = (
				C125CCD59B98EAA0EEA1BB21 /* Pods.debug.xcconfig */,
				849B80BB8AF5A42F2D695742 /* Pods.release.xcconfig */,
			);
			name = Pods;
			sourceTree = "<group>";
		};
		A33FFA151CB36BDC00B57ACB /* Pay */ = {
			isa = PBXGroup;
			children = (
				A3E8E0EC1CB4ED77009D0CB5 /* PingPayWebViewController.h */,
				A3E8E0ED1CB4ED77009D0CB5 /* PingPayWebViewController.m */,
			);
			path = Pay;
			sourceTree = "<group>";
		};
		A33FFA201CB3913400B57ACB /* Share */ = {
			isa = PBXGroup;
			children = (
				A33FFA211CB3913400B57ACB /* ShareViewController.h */,
				A33FFA221CB3913400B57ACB /* ShareViewController.m */,
			);
			path = Share;
			sourceTree = "<group>";
		};
		A386F90E1CB00AD30041D2F7 /* Map */ = {
			isa = PBXGroup;
			children = (
				A38E6C7B1CB11FF50075F68D /* SigleLocationViewController.h */,
				A38E6C7C1CB11FF50075F68D /* SigleLocationViewController.m */,
				A386F90F1CB00AED0041D2F7 /* MapViewController.h */,
				A386F9101CB00AED0041D2F7 /* MapViewController.m */,
				A3E8E1011CB50B37009D0CB5 /* AllMapViewController.h */,
				A3E8E1021CB50B37009D0CB5 /* AllMapViewController.m */,
				A3E8E1041CB50B5E009D0CB5 /* OfficeBuildingViewController.h */,
				A3E8E1051CB50B5E009D0CB5 /* OfficeBuildingViewController.m */,
				A3E8E1071CB50B89009D0CB5 /* HouseViewController.h */,
				A3E8E1081CB50B89009D0CB5 /* HouseViewController.m */,
				A3E8E10A1CB50BA0009D0CB5 /* SchoolViewController.h */,
				A3E8E10B1CB50BA0009D0CB5 /* SchoolViewController.m */,
			);
			path = Map;
			sourceTree = "<group>";
		};
		A3A715881CAE786100AD2838 /* AppDelegate */ = {
			isa = PBXGroup;
			children = (
				A3A715891CAE786100AD2838 /* AppDelegate.h */,
				A3A7158A1CAE786100AD2838 /* AppDelegate.m */,
			);
			path = AppDelegate;
			sourceTree = "<group>";
		};
		A3C913D01CB745EE00011552 /* TabBar */ = {
			isa = PBXGroup;
			children = (
				A3C913DD1CB7463E00011552 /* First_normal@3x.png */,
				A3C913DE1CB7463E00011552 /* First_selected@3x.png */,
				A3C913DF1CB7463E00011552 /* Second_normal@3x.png */,
				A3C913E01CB7463E00011552 /* Second_selected@3x.png */,
				A3C913E11CB7463E00011552 /* Third_normal@3x.png */,
				A3C913E21CB7463E00011552 /* Third_selected@3x.png */,
			);
			path = TabBar;
			sourceTree = "<group>";
		};
		A3C913EC1CB762F200011552 /* Manager */ = {
			isa = PBXGroup;
			children = (
				A3C9143E1CB77C9B00011552 /* Coding_NetAPIManager.h */,
				A3C9143F1CB77C9B00011552 /* Coding_NetAPIManager.m */,
				A3C9143B1CB77C8100011552 /* CodingNetAPIClient.h */,
				A3C9143C1CB77C8100011552 /* CodingNetAPIClient.m */,
				A3C914471CB7A77100011552 /* AddressManager.h */,
				A3C914481CB7A77100011552 /* AddressManager.m */,
			);
			path = Manager;
			sourceTree = "<group>";
		};
		A3C914411CB7A41800011552 /* NSDate+Helper */ = {
			isa = PBXGroup;
			children = (
				A3C914421CB7A41800011552 /* NSDate+Helper.h */,
				A3C914431CB7A41800011552 /* NSDate+Helper.m */,
				A3C914441CB7A41800011552 /* README.textile */,
			);
			path = "NSDate+Helper";
			sourceTree = "<group>";
		};
		A3E8E0F61CB50AA4009D0CB5 /* NinaPagerView */ = {
			isa = PBXGroup;
			children = (
				A3E8E0F71CB50AA4009D0CB5 /* NinaBaseView.h */,
				A3E8E0F81CB50AA4009D0CB5 /* NinaBaseView.m */,
				A3E8E0F91CB50AA4009D0CB5 /* NinaPagerView.h */,
				A3E8E0FA1CB50AA4009D0CB5 /* NinaPagerView.m */,
				A3E8E0FB1CB50AA4009D0CB5 /* TopTabView.h */,
				A3E8E0FC1CB50AA4009D0CB5 /* TopTabView.m */,
				A3E8E0FD1CB50AA4009D0CB5 /* UIParameter.h */,
			);
			path = NinaPagerView;
			sourceTree = "<group>";
		};
		A3E8E10D1CB510FE009D0CB5 /* ScanViewController */ = {
			isa = PBXGroup;
			children = (
				A3E8E10E1CB510FE009D0CB5 /* QRCScanner.h */,
				A3E8E10F1CB510FE009D0CB5 /* QRCScanner.m */,
				A3E8E1101CB510FE009D0CB5 /* QRCScannerViewController.h */,
				A3E8E1111CB510FE009D0CB5 /* QRCScannerViewController.m */,
			);
			path = ScanViewController;
			sourceTree = "<group>";
		};
		A3E8E1141CB5110E009D0CB5 /* PersonalInformation */ = {
			isa = PBXGroup;
			children = (
				A3C913E91CB7502800011552 /* PersonalInformationViewController.h */,
				A3C913EA1CB7502800011552 /* PersonalInformationViewController.m */,
				A3E8E1151CB5110E009D0CB5 /* BaseRDVTabViewController.h */,
				A3E8E1161CB5110E009D0CB5 /* BaseRDVTabViewController.m */,
				A3E8E1191CB5110E009D0CB5 /* RDVFirstViewController.h */,
				A3E8E11A1CB5110E009D0CB5 /* RDVFirstViewController.m */,
				A3E8E11B1CB5110E009D0CB5 /* RDVSecondViewController.h */,
				A3E8E11C1CB5110E009D0CB5 /* RDVSecondViewController.m */,
				A3E8E11D1CB5110E009D0CB5 /* RDVThirdViewController.h */,
				A3E8E11E1CB5110E009D0CB5 /* RDVThirdViewController.m */,
				A3E8E11F1CB5110E009D0CB5 /* SettingTextViewController.h */,
				A3E8E1201CB5110E009D0CB5 /* SettingTextViewController.m */,
			);
			path = PersonalInformation;
			sourceTree = "<group>";
		};
		A3E8E1491CB5117E009D0CB5 /* City */ = {
			isa = PBXGroup;
			children = (
				A3E8E14A1CB5117E009D0CB5 /* AddressPickerViewController.h */,
				A3E8E14B1CB5117E009D0CB5 /* AddressPickerViewController.m */,
				A3E8E14C1CB5117E009D0CB5 /* cell */,
				A3E8E1531CB5117E009D0CB5 /* JJAddressPickerController.h */,
				A3E8E1541CB5117E009D0CB5 /* JJAddressPickerController.m */,
				A3E8E1551CB5117E009D0CB5 /* PinYin */,
				A3E8E15A1CB5117E009D0CB5 /* searchLocation */,
			);
			path = City;
			sourceTree = "<group>";
		};
		A3E8E14C1CB5117E009D0CB5 /* cell */ = {
			isa = PBXGroup;
			children = (
				A3E8E14D1CB5117E009D0CB5 /* CurrentCityCell.h */,
				A3E8E14E1CB5117E009D0CB5 /* CurrentCityCell.m */,
				A3E8E14F1CB5117E009D0CB5 /* HotCityCell.h */,
				A3E8E1501CB5117E009D0CB5 /* HotCityCell.m */,
				A3E8E1511CB5117E009D0CB5 /* RecentCityCell.h */,
				A3E8E1521CB5117E009D0CB5 /* RecentCityCell.m */,
			);
			path = cell;
			sourceTree = "<group>";
		};
		A3E8E1551CB5117E009D0CB5 /* PinYin */ = {
			isa = PBXGroup;
			children = (
				A3E8E1561CB5117E009D0CB5 /* AddressHeader.h */,
				A3E8E1571CB5117E009D0CB5 /* ChineseToPinyin.h */,
				A3E8E1581CB5117E009D0CB5 /* ChineseToPinyin.m */,
				A3E8E1591CB5117E009D0CB5 /* cities.plist */,
			);
			path = PinYin;
			sourceTree = "<group>";
		};
		A3E8E15A1CB5117E009D0CB5 /* searchLocation */ = {
			isa = PBXGroup;
			children = (
				A3E8E15B1CB5117E009D0CB5 /* LNLocationGeocoder.h */,
				A3E8E15C1CB5117E009D0CB5 /* LNLocationGeocoder.m */,
				A3E8E15D1CB5117E009D0CB5 /* LNLocationManager.h */,
				A3E8E15E1CB5117E009D0CB5 /* LNLocationManager.m */,
				A3E8E15F1CB5117E009D0CB5 /* LNSearchManager.h */,
				A3E8E1601CB5117E009D0CB5 /* LNSearchManager.m */,
			);
			path = searchLocation;
			sourceTree = "<group>";
		};
		A3E91A451CB56A8F00F200D0 /* JASidePanel */ = {
			isa = PBXGroup;
			children = (
				A3E91A461CB56A8F00F200D0 /* JASidePanelController.h */,
				A3E91A471CB56A8F00F200D0 /* JASidePanelController.m */,
				A3E91A481CB56A8F00F200D0 /* UIViewController+JASidePanel.h */,
				A3E91A491CB56A8F00F200D0 /* UIViewController+JASidePanel.m */,
			);
			path = JASidePanel;
			sourceTree = "<group>";
		};
		A3EDB5DA1CAE4B5100C8A204 = {
			isa = PBXGroup;
			children = (
				A3EDB5E51CAE4B5100C8A204 /* EShowIOS */,
				A3EDB5FF1CAE4B5100C8A204 /* EShowIOSTests */,
				A3EDB60A1CAE4B5100C8A204 /* EShowIOSUITests */,
				A3EDB5E41CAE4B5100C8A204 /* Products */,
				292DDDEA9A0F1137583D2899 /* Pods */,
				C3513168F87735EDAB08DB53 /* Frameworks */,
			);
			sourceTree = "<group>";
		};
		A3EDB5E41CAE4B5100C8A204 /* Products */ = {
			isa = PBXGroup;
			children = (
				A3EDB5E31CAE4B5100C8A204 /* EShowIOS.app */,
				A3EDB5FC1CAE4B5100C8A204 /* EShowIOSTests.xctest */,
				A3EDB6071CAE4B5100C8A204 /* EShowIOSUITests.xctest */,
			);
			name = Products;
			sourceTree = "<group>";
		};
		A3EDB5E51CAE4B5100C8A204 /* EShowIOS */ = {
			isa = PBXGroup;
			children = (
				A3A715881CAE786100AD2838 /* AppDelegate */,
				A3EDB6EA1CAE5A9200C8A204 /* Views */,
				A3EDB6D31CAE5A9200C8A204 /* Models */,
				A3EDB6191CAE4B6700C8A204 /* Controller */,
				A3EDB6CB1CAE5A9200C8A204 /* Images */,
				A3EDB6D51CAE5A9200C8A204 /* Util */,
				A3EDB6D41CAE5A9200C8A204 /* Resources */,
				A3EDB63C1CAE599700C8A204 /* Vendor */,
				A3EDB5E61CAE4B5100C8A204 /* Supporting Files */,
			);
			path = EShowIOS;
			sourceTree = "<group>";
		};
		A3EDB5E61CAE4B5100C8A204 /* Supporting Files */ = {
			isa = PBXGroup;
			children = (
				A3EDB5F21CAE4B5100C8A204 /* Assets.xcassets */,
				A3EDB5F41CAE4B5100C8A204 /* LaunchScreen.storyboard */,
				A3EDB5F71CAE4B5100C8A204 /* Info.plist */,
				A3EDB5E71CAE4B5100C8A204 /* main.m */,
				A3EDB6CA1CAE59D100C8A204 /* EShowIOS.pch */,
			);
			name = "Supporting Files";
			sourceTree = "<group>";
		};
		A3EDB5FF1CAE4B5100C8A204 /* EShowIOSTests */ = {
			isa = PBXGroup;
			children = (
				A3EDB6001CAE4B5100C8A204 /* EShowIOSTests.m */,
				A3EDB6021CAE4B5100C8A204 /* Info.plist */,
			);
			path = EShowIOSTests;
			sourceTree = "<group>";
		};
		A3EDB60A1CAE4B5100C8A204 /* EShowIOSUITests */ = {
			isa = PBXGroup;
			children = (
				A3EDB60B1CAE4B5100C8A204 /* EShowIOSUITests.m */,
				A3EDB60D1CAE4B5100C8A204 /* Info.plist */,
			);
			path = EShowIOSUITests;
			sourceTree = "<group>";
		};
		A3EDB6191CAE4B6700C8A204 /* Controller */ = {
			isa = PBXGroup;
			children = (
				A3EDB6251CAE54B300C8A204 /* Login */,
				A3EDB6381CAE56EF00C8A204 /* Main */,
				A3EDB6211CAE50E900C8A204 /* SideMenu */,
				A33FFA151CB36BDC00B57ACB /* Pay */,
				A386F90E1CB00AD30041D2F7 /* Map */,
				A33FFA201CB3913400B57ACB /* Share */,
				A3E8E10D1CB510FE009D0CB5 /* ScanViewController */,
				A3E8E1141CB5110E009D0CB5 /* PersonalInformation */,
				A3E8E1491CB5117E009D0CB5 /* City */,
			);
			path = Controller;
			sourceTree = "<group>";
		};
		A3EDB6211CAE50E900C8A204 /* SideMenu */ = {
			isa = PBXGroup;
			children = (
				A3EDB6221CAE510300C8A204 /* SideMenuViewController.h */,
				A3EDB6231CAE510300C8A204 /* SideMenuViewController.m */,
				A33FFA241CB3B30300B57ACB /* SettingViewController.h */,
				A33FFA251CB3B30300B57ACB /* SettingViewController.m */,
				A3E0F9AA1CB660B70016256B /* WebViewController.h */,
				A3E0F9AB1CB660B70016256B /* WebViewController.m */,
			);
			path = SideMenu;
			sourceTree = "<group>";
		};
		A3EDB6251CAE54B300C8A204 /* Login */ = {
			isa = PBXGroup;
			children = (
				A3EDB62A1CAE54B300C8A204 /* IntroductionViewController.h */,
				A3EDB62B1CAE54B300C8A204 /* IntroductionViewController.m */,
				A3EDB6281CAE54B300C8A204 /* ForgetTelephoneViewController.h */,
				A3EDB6291CAE54B300C8A204 /* ForgetTelephoneViewController.m */,
				A3EDB6261CAE54B300C8A204 /* ForgetPasswordViewController.h */,
				A3EDB6271CAE54B300C8A204 /* ForgetPasswordViewController.m */,
				A3EDB62C1CAE54B300C8A204 /* LoginViewController.h */,
				A3EDB62D1CAE54B300C8A204 /* LoginViewController.m */,
				A3EDB62E1CAE54B300C8A204 /* RegisterCaptchaViewController.h */,
				A3EDB62F1CAE54B300C8A204 /* RegisterCaptchaViewController.m */,
				A3EDB6301CAE54B300C8A204 /* RegisterViewController.h */,
				A3EDB6311CAE54B300C8A204 /* RegisterViewController.m */,
			);
			path = Login;
			sourceTree = "<group>";
		};
		A3EDB6381CAE56EF00C8A204 /* Main */ = {
			isa = PBXGroup;
			children = (
				A3EDB7061CAE5ACA00C8A204 /* BaseNavigationController.h */,
				A3EDB7071CAE5ACA00C8A204 /* BaseNavigationController.m */,
				A3EDB6391CAE56EF00C8A204 /* ContentViewController.h */,
				A3EDB63A1CAE56EF00C8A204 /* ContentViewController.m */,
			);
			path = Main;
			sourceTree = "<group>";
		};
		A3EDB63C1CAE599700C8A204 /* Vendor */ = {
			isa = PBXGroup;
			children = (
				A3E91A451CB56A8F00F200D0 /* JASidePanel */,
				A3EDB63D1CAE599700C8A204 /* ActionSheetPicker */,
				A3C914411CB7A41800011552 /* NSDate+Helper */,
				A3EDB64F1CAE599700C8A204 /* FRDLivelyButton */,
				A3EDB6521CAE599700C8A204 /* JDStatusBarNotification */,
				A3EDB6641CAE599700C8A204 /* ODRefreshControl */,
				A3EDB67B1CAE599700C8A204 /* PopMenu */,
				A3EDB6841CAE599700C8A204 /* RDVTabBarController */,
				A3EDB68B1CAE599700C8A204 /* SMPageControl */,
				A3EDB6981CAE599700C8A204 /* TestinAgent.framework */,
				A3EDB6991CAE599700C8A204 /* Toast */,
				A3EDB69C1CAE599700C8A204 /* XHRealTimeBlur */,
				A3E8E0F61CB50AA4009D0CB5 /* NinaPagerView */,
			);
			path = Vendor;
			sourceTree = "<group>";
		};
		A3EDB63D1CAE599700C8A204 /* ActionSheetPicker */ = {
			isa = PBXGroup;
			children = (
				A3EDB63E1CAE599700C8A204 /* AbstractActionSheetPicker.h */,
				A3EDB63F1CAE599700C8A204 /* AbstractActionSheetPicker.m */,
				A3EDB6401CAE599700C8A204 /* ActionSheetCustomPicker.h */,
				A3EDB6411CAE599700C8A204 /* ActionSheetCustomPicker.m */,
				A3EDB6421CAE599700C8A204 /* ActionSheetCustomPickerDelegate.h */,
				A3EDB6431CAE599700C8A204 /* ActionSheetDatePicker.h */,
				A3EDB6441CAE599700C8A204 /* ActionSheetDatePicker.m */,
				A3EDB6451CAE599700C8A204 /* ActionSheetDistancePicker.h */,
				A3EDB6461CAE599700C8A204 /* ActionSheetDistancePicker.m */,
				A3EDB6471CAE599700C8A204 /* ActionSheetLocalePicker.h */,
				A3EDB6481CAE599700C8A204 /* ActionSheetLocalePicker.m */,
				A3EDB6491CAE599700C8A204 /* ActionSheetStringPicker.h */,
				A3EDB64A1CAE599700C8A204 /* ActionSheetStringPicker.m */,
				A3EDB64B1CAE599700C8A204 /* DistancePickerView.h */,
				A3EDB64C1CAE599700C8A204 /* DistancePickerView.m */,
				A3EDB64D1CAE599700C8A204 /* SWActionSheet.h */,
				A3EDB64E1CAE599700C8A204 /* SWActionSheet.m */,
			);
			path = ActionSheetPicker;
			sourceTree = "<group>";
		};
		A3EDB64F1CAE599700C8A204 /* FRDLivelyButton */ = {
			isa = PBXGroup;
			children = (
				A3EDB6501CAE599700C8A204 /* FRDLivelyButton.h */,
				A3EDB6511CAE599700C8A204 /* FRDLivelyButton.m */,
			);
			path = FRDLivelyButton;
			sourceTree = "<group>";
		};
		A3EDB6521CAE599700C8A204 /* JDStatusBarNotification */ = {
			isa = PBXGroup;
			children = (
				A3EDB6531CAE599700C8A204 /* JDStatusBarNotification.h */,
				A3EDB6541CAE599700C8A204 /* JDStatusBarNotification.m */,
				A3EDB6551CAE599700C8A204 /* JDStatusBarStyle.h */,
				A3EDB6561CAE599700C8A204 /* JDStatusBarStyle.m */,
				A3EDB6571CAE599700C8A204 /* JDStatusBarView.h */,
				A3EDB6581CAE599700C8A204 /* JDStatusBarView.m */,
			);
			path = JDStatusBarNotification;
			sourceTree = "<group>";
		};
		A3EDB6641CAE599700C8A204 /* ODRefreshControl */ = {
			isa = PBXGroup;
			children = (
				A3EDB6651CAE599700C8A204 /* ODRefreshControl.h */,
				A3EDB6661CAE599700C8A204 /* ODRefreshControl.m */,
			);
			path = ODRefreshControl;
			sourceTree = "<group>";
		};
		A3EDB67B1CAE599700C8A204 /* PopMenu */ = {
			isa = PBXGroup;
			children = (
				A3EDB67C1CAE599700C8A204 /* GlowImageView.h */,
				A3EDB67D1CAE599700C8A204 /* GlowImageView.m */,
				A3EDB67E1CAE599700C8A204 /* MenuButton.h */,
				A3EDB67F1CAE599700C8A204 /* MenuButton.m */,
				A3EDB6801CAE599700C8A204 /* MenuItem.h */,
				A3EDB6811CAE599700C8A204 /* MenuItem.m */,
				A3EDB6821CAE599700C8A204 /* PopMenu.h */,
				A3EDB6831CAE599700C8A204 /* PopMenu.m */,
			);
			path = PopMenu;
			sourceTree = "<group>";
		};
		A3EDB6841CAE599700C8A204 /* RDVTabBarController */ = {
			isa = PBXGroup;
			children = (
				A3EDB6851CAE599700C8A204 /* RDVTabBar.h */,
				A3EDB6861CAE599700C8A204 /* RDVTabBar.m */,
				A3EDB6871CAE599700C8A204 /* RDVTabBarController.h */,
				A3EDB6881CAE599700C8A204 /* RDVTabBarController.m */,
				A3EDB6891CAE599700C8A204 /* RDVTabBarItem.h */,
				A3EDB68A1CAE599700C8A204 /* RDVTabBarItem.m */,
			);
			path = RDVTabBarController;
			sourceTree = "<group>";
		};
		A3EDB68B1CAE599700C8A204 /* SMPageControl */ = {
			isa = PBXGroup;
			children = (
				A3EDB6961CAE599700C8A204 /* SMPageControl.h */,
				A3EDB6971CAE599700C8A204 /* SMPageControl.m */,
			);
			path = SMPageControl;
			sourceTree = "<group>";
		};
		A3EDB6991CAE599700C8A204 /* Toast */ = {
			isa = PBXGroup;
			children = (
				A3EDB69A1CAE599700C8A204 /* Toast+UIView.h */,
				A3EDB69B1CAE599700C8A204 /* Toast+UIView.m */,
			);
			path = Toast;
			sourceTree = "<group>";
		};
		A3EDB69C1CAE599700C8A204 /* XHRealTimeBlur */ = {
			isa = PBXGroup;
			children = (
				A3EDB69D1CAE599700C8A204 /* XHRealTimeBlur.h */,
				A3EDB69E1CAE599700C8A204 /* XHRealTimeBlur.m */,
			);
			path = XHRealTimeBlur;
			sourceTree = "<group>";
		};
		A3EDB6CB1CAE5A9200C8A204 /* Images */ = {
			isa = PBXGroup;
			children = (
				A3C913D01CB745EE00011552 /* TabBar */,
			);
			path = Images;
			sourceTree = "<group>";
		};
		A3EDB6D31CAE5A9200C8A204 /* Models */ = {
			isa = PBXGroup;
			children = (
				A3C913F31CB7635E00011552 /* User.h */,
				A3C913F41CB7635E00011552 /* User.m */,
			);
			path = Models;
			sourceTree = "<group>";
		};
		A3EDB6D41CAE5A9200C8A204 /* Resources */ = {
			isa = PBXGroup;
			children = (
				A3C9144A1CB7A84A00011552 /* address.json */,
			);
			path = Resources;
			sourceTree = "<group>";
		};
		A3EDB6D51CAE5A9200C8A204 /* Util */ = {
			isa = PBXGroup;
			children = (
				A3EDB6D61CAE5A9200C8A204 /* Category */,
				A3EDB6E71CAE5A9200C8A204 /* Common */,
				A3C913EC1CB762F200011552 /* Manager */,
			);
			path = Util;
			sourceTree = "<group>";
		};
		A3EDB6D61CAE5A9200C8A204 /* Category */ = {
			isa = PBXGroup;
			children = (
				A3EDB6D71CAE5A9200C8A204 /* NSObject+commom.h */,
				A3EDB6D81CAE5A9200C8A204 /* NSObject+commom.m */,
				A3EDB6D91CAE5A9200C8A204 /* UIButton+Bootstrap.h */,
				A3EDB6DA1CAE5A9200C8A204 /* UIButton+Bootstrap.m */,
				A3EDB6DB1CAE5A9200C8A204 /* UIColor+expanded.h */,
				A3EDB6DC1CAE5A9200C8A204 /* UIColor+expanded.m */,
				A3EDB6DD1CAE5A9200C8A204 /* UITableView+Common.h */,
				A3EDB6DE1CAE5A9200C8A204 /* UITableView+Common.m */,
				A3EDB6DF1CAE5A9200C8A204 /* UITapImageView.h */,
				A3EDB6E01CAE5A9200C8A204 /* UITapImageView.m */,
				A3EDB6E11CAE5A9200C8A204 /* UIView+common.h */,
				A3EDB6E21CAE5A9200C8A204 /* UIView+common.m */,
				A3EDB6E31CAE5A9200C8A204 /* UIView+Extension.h */,
				A3EDB6E41CAE5A9200C8A204 /* UIView+Extension.m */,
				A3EDB6E51CAE5A9200C8A204 /* UIView+Frame.h */,
				A3EDB6E61CAE5A9200C8A204 /* UIView+Frame.m */,
			);
			path = Category;
			sourceTree = "<group>";
		};
		A3EDB6E71CAE5A9200C8A204 /* Common */ = {
			isa = PBXGroup;
			children = (
				A3EDB6E81CAE5A9200C8A204 /* UITTTAttributedLabel.h */,
				A3EDB6E91CAE5A9200C8A204 /* UITTTAttributedLabel.m */,
			);
			path = Common;
			sourceTree = "<group>";
		};
		A3EDB6EA1CAE5A9200C8A204 /* Views */ = {
			isa = PBXGroup;
			children = (
				A3EDB6EB1CAE5A9200C8A204 /* Cell */,
			);
			path = Views;
			sourceTree = "<group>";
		};
		A3EDB6EB1CAE5A9200C8A204 /* Cell */ = {
			isa = PBXGroup;
			children = (
				A3EDB6EC1CAE5A9200C8A204 /* Input_OnlyText_Cell.h */,
				A3EDB6ED1CAE5A9200C8A204 /* Input_OnlyText_Cell.m */,
				A3EDB6EE1CAE5A9200C8A204 /* Input_OnlyText_Cell.xib */,
				A3EDB6EF1CAE5A9200C8A204 /* TitleRImageMoreCell.h */,
				A3EDB6F01CAE5A9200C8A204 /* TitleRImageMoreCell.m */,
				A3EDB6F11CAE5A9200C8A204 /* TitleValueMoreCell.h */,
				A3EDB6F21CAE5A9200C8A204 /* TitleValueMoreCell.m */,
				A33FFA271CB3B67C00B57ACB /* TitleDisclosureCell.h */,
				A33FFA281CB3B67C00B57ACB /* TitleDisclosureCell.m */,
			);
			path = Cell;
			sourceTree = "<group>";
		};
		C3513168F87735EDAB08DB53 /* Frameworks */ = {
			isa = PBXGroup;
			children = (
				A3EDB7111CAE5E7A00C8A204 /* CoreTelephony.framework */,
				A3EDB70F1CAE5D4100C8A204 /* AssetsLibrary.framework */,
				A3EDB70D1CAE5D2C00C8A204 /* CoreGraphics.framework */,
				A3EDB70B1CAE5D1F00C8A204 /* CoreLocation.framework */,
				A3EDB7091CAE5D0E00C8A204 /* AVFoundation.framework */,
				8170E20B6B31FC678F95F737 /* libPods.a */,
			);
			name = Frameworks;
			sourceTree = "<group>";
		};
/* End PBXGroup section */

/* Begin PBXNativeTarget section */
		A3EDB5E21CAE4B5100C8A204 /* EShowIOS */ = {
			isa = PBXNativeTarget;
			buildConfigurationList = A3EDB6101CAE4B5100C8A204 /* Build configuration list for PBXNativeTarget "EShowIOS" */;
			buildPhases = (
				4E55AE305920BACDF79C22C0 /* Check Pods Manifest.lock */,
				A3EDB5DF1CAE4B5100C8A204 /* Sources */,
				A3EDB5E01CAE4B5100C8A204 /* Frameworks */,
				A3EDB5E11CAE4B5100C8A204 /* Resources */,
				52CC0D6661E28797E142BFE3 /* Embed Pods Frameworks */,
				4CDA8C9FA8949B0C8D6B8BF2 /* Copy Pods Resources */,
			);
			buildRules = (
			);
			dependencies = (
			);
			name = EShowIOS;
			productName = EShowIOS;
			productReference = A3EDB5E31CAE4B5100C8A204 /* EShowIOS.app */;
			productType = "com.apple.product-type.application";
		};
		A3EDB5FB1CAE4B5100C8A204 /* EShowIOSTests */ = {
			isa = PBXNativeTarget;
			buildConfigurationList = A3EDB6131CAE4B5100C8A204 /* Build configuration list for PBXNativeTarget "EShowIOSTests" */;
			buildPhases = (
				A3EDB5F81CAE4B5100C8A204 /* Sources */,
				A3EDB5F91CAE4B5100C8A204 /* Frameworks */,
				A3EDB5FA1CAE4B5100C8A204 /* Resources */,
			);
			buildRules = (
			);
			dependencies = (
				A3EDB5FE1CAE4B5100C8A204 /* PBXTargetDependency */,
			);
			name = EShowIOSTests;
			productName = EShowIOSTests;
			productReference = A3EDB5FC1CAE4B5100C8A204 /* EShowIOSTests.xctest */;
			productType = "com.apple.product-type.bundle.unit-test";
		};
		A3EDB6061CAE4B5100C8A204 /* EShowIOSUITests */ = {
			isa = PBXNativeTarget;
			buildConfigurationList = A3EDB6161CAE4B5100C8A204 /* Build configuration list for PBXNativeTarget "EShowIOSUITests" */;
			buildPhases = (
				A3EDB6031CAE4B5100C8A204 /* Sources */,
				A3EDB6041CAE4B5100C8A204 /* Frameworks */,
				A3EDB6051CAE4B5100C8A204 /* Resources */,
			);
			buildRules = (
			);
			dependencies = (
				A3EDB6091CAE4B5100C8A204 /* PBXTargetDependency */,
			);
			name = EShowIOSUITests;
			productName = EShowIOSUITests;
			productReference = A3EDB6071CAE4B5100C8A204 /* EShowIOSUITests.xctest */;
			productType = "com.apple.product-type.bundle.ui-testing";
		};
/* End PBXNativeTarget section */

/* Begin PBXProject section */
		A3EDB5DB1CAE4B5100C8A204 /* Project object */ = {
			isa = PBXProject;
			attributes = {
				LastUpgradeCheck = 0720;
				ORGANIZATIONNAME = "金璟";
				TargetAttributes = {
					A3EDB5E21CAE4B5100C8A204 = {
						CreatedOnToolsVersion = 7.2.1;
						DevelopmentTeam = STR6KTNZQ9;
						SystemCapabilities = {
							com.apple.BackgroundModes = {
								enabled = 1;
							};
						};
					};
					A3EDB5FB1CAE4B5100C8A204 = {
						CreatedOnToolsVersion = 7.2.1;
						TestTargetID = A3EDB5E21CAE4B5100C8A204;
					};
					A3EDB6061CAE4B5100C8A204 = {
						CreatedOnToolsVersion = 7.2.1;
						TestTargetID = A3EDB5E21CAE4B5100C8A204;
					};
				};
			};
			buildConfigurationList = A3EDB5DE1CAE4B5100C8A204 /* Build configuration list for PBXProject "EShowIOS" */;
			compatibilityVersion = "Xcode 3.2";
			developmentRegion = English;
			hasScannedForEncodings = 0;
			knownRegions = (
				en,
				Base,
			);
			mainGroup = A3EDB5DA1CAE4B5100C8A204;
			productRefGroup = A3EDB5E41CAE4B5100C8A204 /* Products */;
			projectDirPath = "";
			projectRoot = "";
			targets = (
				A3EDB5E21CAE4B5100C8A204 /* EShowIOS */,
				A3EDB5FB1CAE4B5100C8A204 /* EShowIOSTests */,
				A3EDB6061CAE4B5100C8A204 /* EShowIOSUITests */,
			);
		};
/* End PBXProject section */

/* Begin PBXResourcesBuildPhase section */
		A3EDB5E11CAE4B5100C8A204 /* Resources */ = {
			isa = PBXResourcesBuildPhase;
			buildActionMask = 2147483647;
			files = (
				A3C914461CB7A41800011552 /* README.textile in Resources */,
				A3C913E61CB7463E00011552 /* Second_selected@3x.png in Resources */,
				A3C9144B1CB7A84A00011552 /* address.json in Resources */,
				A3EDB5F61CAE4B5100C8A204 /* LaunchScreen.storyboard in Resources */,
				A3E8E1671CB5117E009D0CB5 /* cities.plist in Resources */,
				A3C913E51CB7463E00011552 /* Second_normal@3x.png in Resources */,
				A3EDB7031CAE5A9200C8A204 /* Input_OnlyText_Cell.xib in Resources */,
				A3C913E81CB7463E00011552 /* Third_selected@3x.png in Resources */,
				A3EDB5F31CAE4B5100C8A204 /* Assets.xcassets in Resources */,
				A3C913E31CB7463E00011552 /* First_normal@3x.png in Resources */,
				A3C913E71CB7463E00011552 /* Third_normal@3x.png in Resources */,
				A3C913E41CB7463E00011552 /* First_selected@3x.png in Resources */,
			);
			runOnlyForDeploymentPostprocessing = 0;
		};
		A3EDB5FA1CAE4B5100C8A204 /* Resources */ = {
			isa = PBXResourcesBuildPhase;
			buildActionMask = 2147483647;
			files = (
			);
			runOnlyForDeploymentPostprocessing = 0;
		};
		A3EDB6051CAE4B5100C8A204 /* Resources */ = {
			isa = PBXResourcesBuildPhase;
			buildActionMask = 2147483647;
			files = (
			);
			runOnlyForDeploymentPostprocessing = 0;
		};
/* End PBXResourcesBuildPhase section */

/* Begin PBXShellScriptBuildPhase section */
		4CDA8C9FA8949B0C8D6B8BF2 /* Copy Pods Resources */ = {
			isa = PBXShellScriptBuildPhase;
			buildActionMask = 2147483647;
			files = (
			);
			inputPaths = (
			);
			name = "Copy Pods Resources";
			outputPaths = (
			);
			runOnlyForDeploymentPostprocessing = 0;
			shellPath = /bin/sh;
			shellScript = "\"${SRCROOT}/Pods/Target Support Files/Pods/Pods-resources.sh\"\n";
			showEnvVarsInLog = 0;
		};
		4E55AE305920BACDF79C22C0 /* Check Pods Manifest.lock */ = {
			isa = PBXShellScriptBuildPhase;
			buildActionMask = 2147483647;
			files = (
			);
			inputPaths = (
			);
			name = "Check Pods Manifest.lock";
			outputPaths = (
			);
			runOnlyForDeploymentPostprocessing = 0;
			shellPath = /bin/sh;
			shellScript = "diff \"${PODS_ROOT}/../Podfile.lock\" \"${PODS_ROOT}/Manifest.lock\" > /dev/null\nif [[ $? != 0 ]] ; then\n    cat << EOM\nerror: The sandbox is not in sync with the Podfile.lock. Run 'pod install' or update your CocoaPods installation.\nEOM\n    exit 1\nfi\n";
			showEnvVarsInLog = 0;
		};
		52CC0D6661E28797E142BFE3 /* Embed Pods Frameworks */ = {
			isa = PBXShellScriptBuildPhase;
			buildActionMask = 2147483647;
			files = (
			);
			inputPaths = (
			);
			name = "Embed Pods Frameworks";
			outputPaths = (
			);
			runOnlyForDeploymentPostprocessing = 0;
			shellPath = /bin/sh;
			shellScript = "\"${SRCROOT}/Pods/Target Support Files/Pods/Pods-frameworks.sh\"\n";
			showEnvVarsInLog = 0;
		};
/* End PBXShellScriptBuildPhase section */

/* Begin PBXSourcesBuildPhase section */
		A3EDB5DF1CAE4B5100C8A204 /* Sources */ = {
			isa = PBXSourcesBuildPhase;
			buildActionMask = 2147483647;
			files = (
				A3C914451CB7A41800011552 /* NSDate+Helper.m in Sources */,
				A3E8E0FF1CB50AA4009D0CB5 /* NinaPagerView.m in Sources */,
				A3EDB6C91CAE599700C8A204 /* XHRealTimeBlur.m in Sources */,
				A3EDB7011CAE5A9200C8A204 /* UITTTAttributedLabel.m in Sources */,
				A33FFA261CB3B30300B57ACB /* SettingViewController.m in Sources */,
				A3EDB6FB1CAE5A9200C8A204 /* UIColor+expanded.m in Sources */,
				A3EDB6A41CAE599700C8A204 /* ActionSheetStringPicker.m in Sources */,
				A3E8E1251CB5110E009D0CB5 /* RDVThirdViewController.m in Sources */,
				A3EDB6A51CAE599700C8A204 /* DistancePickerView.m in Sources */,
				A3C913F51CB7635E00011552 /* User.m in Sources */,
				A3C913EB1CB7502800011552 /* PersonalInformationViewController.m in Sources */,
				A3E8E1241CB5110E009D0CB5 /* RDVSecondViewController.m in Sources */,
				A3E8E1091CB50B89009D0CB5 /* HouseViewController.m in Sources */,
				A3EDB6A81CAE599700C8A204 /* JDStatusBarNotification.m in Sources */,
				A3EDB6F91CAE5A9200C8A204 /* NSObject+commom.m in Sources */,
				A3EDB6A91CAE599700C8A204 /* JDStatusBarStyle.m in Sources */,
				A3EDB6C61CAE599700C8A204 /* SMPageControl.m in Sources */,
				A3E8E1651CB5117E009D0CB5 /* JJAddressPickerController.m in Sources */,
				A3EDB6FE1CAE5A9200C8A204 /* UIView+common.m in Sources */,
				A3EDB7051CAE5A9200C8A204 /* TitleValueMoreCell.m in Sources */,
				A3EDB6C11CAE599700C8A204 /* RDVTabBarItem.m in Sources */,
				A3C914401CB77C9B00011552 /* Coding_NetAPIManager.m in Sources */,
				A3EDB6AA1CAE599700C8A204 /* JDStatusBarView.m in Sources */,
				A3EDB69F1CAE599700C8A204 /* AbstractActionSheetPicker.m in Sources */,
				A3E91A4A1CB56A8F00F200D0 /* JASidePanelController.m in Sources */,
				A3EDB6351CAE54B300C8A204 /* LoginViewController.m in Sources */,
				A3E8E1031CB50B37009D0CB5 /* AllMapViewController.m in Sources */,
				A3E8E16A1CB5117E009D0CB5 /* LNSearchManager.m in Sources */,
				A3EDB6BC1CAE599700C8A204 /* MenuButton.m in Sources */,
				A3EDB6BD1CAE599700C8A204 /* MenuItem.m in Sources */,
				A3E8E1061CB50B5E009D0CB5 /* OfficeBuildingViewController.m in Sources */,
				A3EDB7041CAE5A9200C8A204 /* TitleRImageMoreCell.m in Sources */,
				A33FFA231CB3913400B57ACB /* ShareViewController.m in Sources */,
				A3E8E1131CB510FE009D0CB5 /* QRCScannerViewController.m in Sources */,
				A3E8E1691CB5117E009D0CB5 /* LNLocationManager.m in Sources */,
				A3EDB6331CAE54B300C8A204 /* ForgetTelephoneViewController.m in Sources */,
				A3EDB6C81CAE599700C8A204 /* Toast+UIView.m in Sources */,
				A3E8E1641CB5117E009D0CB5 /* RecentCityCell.m in Sources */,
				A3E8E1231CB5110E009D0CB5 /* RDVFirstViewController.m in Sources */,
				A38E6C7D1CB11FF50075F68D /* SigleLocationViewController.m in Sources */,
				A3C914491CB7A77100011552 /* AddressManager.m in Sources */,
				A3E8E1661CB5117E009D0CB5 /* ChineseToPinyin.m in Sources */,
				A3E8E1631CB5117E009D0CB5 /* HotCityCell.m in Sources */,
				A3EDB6A61CAE599700C8A204 /* SWActionSheet.m in Sources */,
				A3EDB6361CAE54B300C8A204 /* RegisterCaptchaViewController.m in Sources */,
				A3E8E1121CB510FE009D0CB5 /* QRCScanner.m in Sources */,
				A3EDB7001CAE5A9200C8A204 /* UIView+Frame.m in Sources */,
				A3EDB6A21CAE599700C8A204 /* ActionSheetDistancePicker.m in Sources */,
				A3EDB6241CAE510300C8A204 /* SideMenuViewController.m in Sources */,
				A3E8E1681CB5117E009D0CB5 /* LNLocationGeocoder.m in Sources */,
				A3EDB7021CAE5A9200C8A204 /* Input_OnlyText_Cell.m in Sources */,
				A386F9111CB00AED0041D2F7 /* MapViewController.m in Sources */,
				A3E8E0FE1CB50AA4009D0CB5 /* NinaBaseView.m in Sources */,
				A3EDB6A31CAE599700C8A204 /* ActionSheetLocalePicker.m in Sources */,
				A3EDB6FA1CAE5A9200C8A204 /* UIButton+Bootstrap.m in Sources */,
				A3EDB6371CAE54B300C8A204 /* RegisterViewController.m in Sources */,
				A3EDB6BB1CAE599700C8A204 /* GlowImageView.m in Sources */,
				A3EDB6FF1CAE5A9200C8A204 /* UIView+Extension.m in Sources */,
				A3EDB6321CAE54B300C8A204 /* ForgetPasswordViewController.m in Sources */,
				A3EDB63B1CAE56EF00C8A204 /* ContentViewController.m in Sources */,
				A3A7158B1CAE786100AD2838 /* AppDelegate.m in Sources */,
				A3EDB6AF1CAE599700C8A204 /* ODRefreshControl.m in Sources */,
				A3EDB6A11CAE599700C8A204 /* ActionSheetDatePicker.m in Sources */,
				A3EDB6A01CAE599700C8A204 /* ActionSheetCustomPicker.m in Sources */,
				A3E8E1261CB5110E009D0CB5 /* SettingTextViewController.m in Sources */,
				A3E8E1001CB50AA4009D0CB5 /* TopTabView.m in Sources */,
				A3E8E10C1CB50BA0009D0CB5 /* SchoolViewController.m in Sources */,
				A3EDB6A71CAE599700C8A204 /* FRDLivelyButton.m in Sources */,
				A3EDB6FD1CAE5A9200C8A204 /* UITapImageView.m in Sources */,
				A3EDB6C01CAE599700C8A204 /* RDVTabBarController.m in Sources */,
				A3EDB5E81CAE4B5100C8A204 /* main.m in Sources */,
				A3EDB6341CAE54B300C8A204 /* IntroductionViewController.m in Sources */,
				A3EDB6BF1CAE599700C8A204 /* RDVTabBar.m in Sources */,
				A3EDB7081CAE5ACA00C8A204 /* BaseNavigationController.m in Sources */,
				A3E91A4B1CB56A8F00F200D0 /* UIViewController+JASidePanel.m in Sources */,
				A3C9143D1CB77C8100011552 /* CodingNetAPIClient.m in Sources */,
				A3E8E1621CB5117E009D0CB5 /* CurrentCityCell.m in Sources */,
				A3E8E1611CB5117E009D0CB5 /* AddressPickerViewController.m in Sources */,
				A3EDB6BE1CAE599700C8A204 /* PopMenu.m in Sources */,
				A3EDB6FC1CAE5A9200C8A204 /* UITableView+Common.m in Sources */,
				A33FFA291CB3B67C00B57ACB /* TitleDisclosureCell.m in Sources */,
				A3E8E1211CB5110E009D0CB5 /* BaseRDVTabViewController.m in Sources */,
				A3E0F9AC1CB660B70016256B /* WebViewController.m in Sources */,
				A3E8E0EE1CB4ED77009D0CB5 /* PingPayWebViewController.m in Sources */,
			);
			runOnlyForDeploymentPostprocessing = 0;
		};
		A3EDB5F81CAE4B5100C8A204 /* Sources */ = {
			isa = PBXSourcesBuildPhase;
			buildActionMask = 2147483647;
			files = (
				A3EDB6011CAE4B5100C8A204 /* EShowIOSTests.m in Sources */,
			);
			runOnlyForDeploymentPostprocessing = 0;
		};
		A3EDB6031CAE4B5100C8A204 /* Sources */ = {
			isa = PBXSourcesBuildPhase;
			buildActionMask = 2147483647;
			files = (
				A3EDB60C1CAE4B5100C8A204 /* EShowIOSUITests.m in Sources */,
			);
			runOnlyForDeploymentPostprocessing = 0;
		};
/* End PBXSourcesBuildPhase section */

/* Begin PBXTargetDependency section */
		A3EDB5FE1CAE4B5100C8A204 /* PBXTargetDependency */ = {
			isa = PBXTargetDependency;
			target = A3EDB5E21CAE4B5100C8A204 /* EShowIOS */;
			targetProxy = A3EDB5FD1CAE4B5100C8A204 /* PBXContainerItemProxy */;
		};
		A3EDB6091CAE4B5100C8A204 /* PBXTargetDependency */ = {
			isa = PBXTargetDependency;
			target = A3EDB5E21CAE4B5100C8A204 /* EShowIOS */;
			targetProxy = A3EDB6081CAE4B5100C8A204 /* PBXContainerItemProxy */;
		};
/* End PBXTargetDependency section */

/* Begin PBXVariantGroup section */
		A3EDB5F41CAE4B5100C8A204 /* LaunchScreen.storyboard */ = {
			isa = PBXVariantGroup;
			children = (
				A3EDB5F51CAE4B5100C8A204 /* Base */,
			);
			name = LaunchScreen.storyboard;
			sourceTree = "<group>";
		};
/* End PBXVariantGroup section */

/* Begin XCBuildConfiguration section */
		A3EDB60E1CAE4B5100C8A204 /* Debug */ = {
			isa = XCBuildConfiguration;
			buildSettings = {
				ALWAYS_SEARCH_USER_PATHS = NO;
				CLANG_CXX_LANGUAGE_STANDARD = "gnu++0x";
				CLANG_CXX_LIBRARY = "libc++";
				CLANG_ENABLE_MODULES = YES;
				CLANG_ENABLE_OBJC_ARC = YES;
				CLANG_WARN_BOOL_CONVERSION = YES;
				CLANG_WARN_CONSTANT_CONVERSION = YES;
				CLANG_WARN_DIRECT_OBJC_ISA_USAGE = YES_ERROR;
				CLANG_WARN_EMPTY_BODY = YES;
				CLANG_WARN_ENUM_CONVERSION = YES;
				CLANG_WARN_INT_CONVERSION = YES;
				CLANG_WARN_OBJC_ROOT_CLASS = YES_ERROR;
				CLANG_WARN_UNREACHABLE_CODE = YES;
				CLANG_WARN__DUPLICATE_METHOD_MATCH = YES;
				"CODE_SIGN_IDENTITY[sdk=iphoneos*]" = "iPhone Developer";
				COPY_PHASE_STRIP = NO;
				DEBUG_INFORMATION_FORMAT = dwarf;
				ENABLE_STRICT_OBJC_MSGSEND = YES;
				ENABLE_TESTABILITY = YES;
				GCC_C_LANGUAGE_STANDARD = gnu99;
				GCC_DYNAMIC_NO_PIC = NO;
				GCC_NO_COMMON_BLOCKS = YES;
				GCC_OPTIMIZATION_LEVEL = 0;
				GCC_PREPROCESSOR_DEFINITIONS = (
					"DEBUG=1",
					"$(inherited)",
				);
				GCC_WARN_64_TO_32_BIT_CONVERSION = YES;
				GCC_WARN_ABOUT_RETURN_TYPE = YES_ERROR;
				GCC_WARN_UNDECLARED_SELECTOR = YES;
				GCC_WARN_UNINITIALIZED_AUTOS = YES_AGGRESSIVE;
				GCC_WARN_UNUSED_FUNCTION = YES;
				GCC_WARN_UNUSED_VARIABLE = YES;
				IPHONEOS_DEPLOYMENT_TARGET = 9.2;
				MTL_ENABLE_DEBUG_INFO = YES;
				ONLY_ACTIVE_ARCH = YES;
				SDKROOT = iphoneos;
				TARGETED_DEVICE_FAMILY = "1,2";
			};
			name = Debug;
		};
		A3EDB60F1CAE4B5100C8A204 /* Release */ = {
			isa = XCBuildConfiguration;
			buildSettings = {
				ALWAYS_SEARCH_USER_PATHS = NO;
				CLANG_CXX_LANGUAGE_STANDARD = "gnu++0x";
				CLANG_CXX_LIBRARY = "libc++";
				CLANG_ENABLE_MODULES = YES;
				CLANG_ENABLE_OBJC_ARC = YES;
				CLANG_WARN_BOOL_CONVERSION = YES;
				CLANG_WARN_CONSTANT_CONVERSION = YES;
				CLANG_WARN_DIRECT_OBJC_ISA_USAGE = YES_ERROR;
				CLANG_WARN_EMPTY_BODY = YES;
				CLANG_WARN_ENUM_CONVERSION = YES;
				CLANG_WARN_INT_CONVERSION = YES;
				CLANG_WARN_OBJC_ROOT_CLASS = YES_ERROR;
				CLANG_WARN_UNREACHABLE_CODE = YES;
				CLANG_WARN__DUPLICATE_METHOD_MATCH = YES;
				"CODE_SIGN_IDENTITY[sdk=iphoneos*]" = "iPhone Developer";
				COPY_PHASE_STRIP = NO;
				DEBUG_INFORMATION_FORMAT = "dwarf-with-dsym";
				ENABLE_NS_ASSERTIONS = NO;
				ENABLE_STRICT_OBJC_MSGSEND = YES;
				GCC_C_LANGUAGE_STANDARD = gnu99;
				GCC_NO_COMMON_BLOCKS = YES;
				GCC_WARN_64_TO_32_BIT_CONVERSION = YES;
				GCC_WARN_ABOUT_RETURN_TYPE = YES_ERROR;
				GCC_WARN_UNDECLARED_SELECTOR = YES;
				GCC_WARN_UNINITIALIZED_AUTOS = YES_AGGRESSIVE;
				GCC_WARN_UNUSED_FUNCTION = YES;
				GCC_WARN_UNUSED_VARIABLE = YES;
				IPHONEOS_DEPLOYMENT_TARGET = 9.2;
				MTL_ENABLE_DEBUG_INFO = NO;
				SDKROOT = iphoneos;
				TARGETED_DEVICE_FAMILY = "1,2";
				VALIDATE_PRODUCT = YES;
			};
			name = Release;
		};
		A3EDB6111CAE4B5100C8A204 /* Debug */ = {
			isa = XCBuildConfiguration;
			baseConfigurationReference = C125CCD59B98EAA0EEA1BB21 /* Pods.debug.xcconfig */;
			buildSettings = {
				ASSETCATALOG_COMPILER_APPICON_NAME = AppIcon;
				CODE_SIGN_IDENTITY = "iPhone Developer";
				"CODE_SIGN_IDENTITY[sdk=iphoneos*]" = "iPhone Developer";
				ENABLE_BITCODE = NO;
				FRAMEWORK_SEARCH_PATHS = (
					"$(inherited)",
					"$(PROJECT_DIR)/EShowIOS/Vendor/PingPaySDK/Channels/Alipay",
					"$(PROJECT_DIR)/EShowIOS/Vendor",
					"$(PROJECT_DIR)/EShowIOS/Vendor/pingpp-sdk/Channels",
				);
				GCC_PRECOMPILE_PREFIX_HEADER = YES;
				GCC_PREFIX_HEADER = EShowIOS/EShowIOS.pch;
				INFOPLIST_FILE = EShowIOS/Info.plist;
				IPHONEOS_DEPLOYMENT_TARGET = 7.0;
				LD_RUNPATH_SEARCH_PATHS = "$(inherited) @executable_path/Frameworks";
				LIBRARY_SEARCH_PATHS = (
					"$(inherited)",
					"$(PROJECT_DIR)/EShowIOS/Vendor/PingPaySDK/Channels/Alipay",
					"$(PROJECT_DIR)/EShowIOS/Vendor/PingPaySDK/Channels/UnionPay",
					"$(PROJECT_DIR)/EShowIOS/Vendor/PingPaySDK/Channels/Wx",
					"$(PROJECT_DIR)/EShowIOS/Vendor/PingPaySDK/Channels/Wx/UnionPay",
					"$(PROJECT_DIR)/EShowIOS/Vendor/PingPaySDK",
					"$(PROJECT_DIR)/EShowIOS/Vendor/pingpp-sdk/Channels",
					"$(PROJECT_DIR)/EShowIOS/Vendor/pingpp-sdk/Dependencies/ASIHttpRequest",
					"$(PROJECT_DIR)/EShowIOS/Vendor/pingpp-sdk/Dependencies/BaiduMobStat/BaiduMobStat",
					"$(PROJECT_DIR)/EShowIOS/Vendor/pingpp-sdk/Dependencies/BaiduMobStat",
					"$(PROJECT_DIR)/EShowIOS/Vendor/pingpp-sdk/Dependencies/JSONKit",
					"$(PROJECT_DIR)/EShowIOS/Vendor/pingpp-sdk",
				);
				PRODUCT_BUNDLE_IDENTIFIER = com.Sampson.EShowIOS;
				PRODUCT_NAME = "$(TARGET_NAME)";
				PROVISIONING_PROFILE = "";
			};
			name = Debug;
		};
		A3EDB6121CAE4B5100C8A204 /* Release */ = {
			isa = XCBuildConfiguration;
			baseConfigurationReference = 849B80BB8AF5A42F2D695742 /* Pods.release.xcconfig */;
			buildSettings = {
				ASSETCATALOG_COMPILER_APPICON_NAME = AppIcon;
				CODE_SIGN_IDENTITY = "iPhone Developer";
				"CODE_SIGN_IDENTITY[sdk=iphoneos*]" = "iPhone Developer";
				ENABLE_BITCODE = NO;
				FRAMEWORK_SEARCH_PATHS = (
					"$(inherited)",
					"$(PROJECT_DIR)/EShowIOS/Vendor/PingPaySDK/Channels/Alipay",
					"$(PROJECT_DIR)/EShowIOS/Vendor",
					"$(PROJECT_DIR)/EShowIOS/Vendor/pingpp-sdk/Channels",
				);
				GCC_PRECOMPILE_PREFIX_HEADER = YES;
				GCC_PREFIX_HEADER = EShowIOS/EShowIOS.pch;
				INFOPLIST_FILE = EShowIOS/Info.plist;
				IPHONEOS_DEPLOYMENT_TARGET = 7.0;
				LD_RUNPATH_SEARCH_PATHS = "$(inherited) @executable_path/Frameworks";
				LIBRARY_SEARCH_PATHS = (
					"$(inherited)",
					"$(PROJECT_DIR)/EShowIOS/Vendor/PingPaySDK/Channels/Alipay",
					"$(PROJECT_DIR)/EShowIOS/Vendor/PingPaySDK/Channels/UnionPay",
					"$(PROJECT_DIR)/EShowIOS/Vendor/PingPaySDK/Channels/Wx",
					"$(PROJECT_DIR)/EShowIOS/Vendor/PingPaySDK/Channels/Wx/UnionPay",
					"$(PROJECT_DIR)/EShowIOS/Vendor/PingPaySDK",
					"$(PROJECT_DIR)/EShowIOS/Vendor/pingpp-sdk/Channels",
					"$(PROJECT_DIR)/EShowIOS/Vendor/pingpp-sdk/Dependencies/ASIHttpRequest",
					"$(PROJECT_DIR)/EShowIOS/Vendor/pingpp-sdk/Dependencies/BaiduMobStat/BaiduMobStat",
					"$(PROJECT_DIR)/EShowIOS/Vendor/pingpp-sdk/Dependencies/BaiduMobStat",
					"$(PROJECT_DIR)/EShowIOS/Vendor/pingpp-sdk/Dependencies/JSONKit",
					"$(PROJECT_DIR)/EShowIOS/Vendor/pingpp-sdk",
				);
				PRODUCT_BUNDLE_IDENTIFIER = com.Sampson.EShowIOS;
				PRODUCT_NAME = "$(TARGET_NAME)";
				PROVISIONING_PROFILE = "";
			};
			name = Release;
		};
		A3EDB6141CAE4B5100C8A204 /* Debug */ = {
			isa = XCBuildConfiguration;
			buildSettings = {
				BUNDLE_LOADER = "$(TEST_HOST)";
				INFOPLIST_FILE = EShowIOSTests/Info.plist;
				LD_RUNPATH_SEARCH_PATHS = "$(inherited) @executable_path/Frameworks @loader_path/Frameworks";
				PRODUCT_BUNDLE_IDENTIFIER = com.Sampson.EShowIOSTests;
				PRODUCT_NAME = "$(TARGET_NAME)";
				TEST_HOST = "$(BUILT_PRODUCTS_DIR)/EShowIOS.app/EShowIOS";
			};
			name = Debug;
		};
		A3EDB6151CAE4B5100C8A204 /* Release */ = {
			isa = XCBuildConfiguration;
			buildSettings = {
				BUNDLE_LOADER = "$(TEST_HOST)";
				INFOPLIST_FILE = EShowIOSTests/Info.plist;
				LD_RUNPATH_SEARCH_PATHS = "$(inherited) @executable_path/Frameworks @loader_path/Frameworks";
				PRODUCT_BUNDLE_IDENTIFIER = com.Sampson.EShowIOSTests;
				PRODUCT_NAME = "$(TARGET_NAME)";
				TEST_HOST = "$(BUILT_PRODUCTS_DIR)/EShowIOS.app/EShowIOS";
			};
			name = Release;
		};
		A3EDB6171CAE4B5100C8A204 /* Debug */ = {
			isa = XCBuildConfiguration;
			buildSettings = {
				INFOPLIST_FILE = EShowIOSUITests/Info.plist;
				LD_RUNPATH_SEARCH_PATHS = "$(inherited) @executable_path/Frameworks @loader_path/Frameworks";
				PRODUCT_BUNDLE_IDENTIFIER = com.Sampson.EShowIOSUITests;
				PRODUCT_NAME = "$(TARGET_NAME)";
				TEST_TARGET_NAME = EShowIOS;
				USES_XCTRUNNER = YES;
			};
			name = Debug;
		};
		A3EDB6181CAE4B5100C8A204 /* Release */ = {
			isa = XCBuildConfiguration;
			buildSettings = {
				INFOPLIST_FILE = EShowIOSUITests/Info.plist;
				LD_RUNPATH_SEARCH_PATHS = "$(inherited) @executable_path/Frameworks @loader_path/Frameworks";
				PRODUCT_BUNDLE_IDENTIFIER = com.Sampson.EShowIOSUITests;
				PRODUCT_NAME = "$(TARGET_NAME)";
				TEST_TARGET_NAME = EShowIOS;
				USES_XCTRUNNER = YES;
			};
			name = Release;
		};
/* End XCBuildConfiguration section */

/* Begin XCConfigurationList section */
		A3EDB5DE1CAE4B5100C8A204 /* Build configuration list for PBXProject "EShowIOS" */ = {
			isa = XCConfigurationList;
			buildConfigurations = (
				A3EDB60E1CAE4B5100C8A204 /* Debug */,
				A3EDB60F1CAE4B5100C8A204 /* Release */,
			);
			defaultConfigurationIsVisible = 0;
			defaultConfigurationName = Release;
		};
		A3EDB6101CAE4B5100C8A204 /* Build configuration list for PBXNativeTarget "EShowIOS" */ = {
			isa = XCConfigurationList;
			buildConfigurations = (
				A3EDB6111CAE4B5100C8A204 /* Debug */,
				A3EDB6121CAE4B5100C8A204 /* Release */,
			);
			defaultConfigurationIsVisible = 0;
			defaultConfigurationName = Release;
		};
		A3EDB6131CAE4B5100C8A204 /* Build configuration list for PBXNativeTarget "EShowIOSTests" */ = {
			isa = XCConfigurationList;
			buildConfigurations = (
				A3EDB6141CAE4B5100C8A204 /* Debug */,
				A3EDB6151CAE4B5100C8A204 /* Release */,
			);
			defaultConfigurationIsVisible = 0;
			defaultConfigurationName = Release;
		};
		A3EDB6161CAE4B5100C8A204 /* Build configuration list for PBXNativeTarget "EShowIOSUITests" */ = {
			isa = XCConfigurationList;
			buildConfigurations = (
				A3EDB6171CAE4B5100C8A204 /* Debug */,
				A3EDB6181CAE4B5100C8A204 /* Release */,
			);
			defaultConfigurationIsVisible = 0;
			defaultConfigurationName = Release;
		};
/* End XCConfigurationList section */
	};
	rootObject = A3EDB5DB1CAE4B5100C8A204 /* Project object */;
}
